{
  "version": 4,
  "terraform_version": "1.5.7",
  "serial": 54,
  "lineage": "4ddcfa30-b0c8-9789-b8ea-31bd3bd26e4a",
  "outputs": {},
  "resources": [
    {
      "mode": "data",
      "type": "github_repository",
      "name": "existing_repo",
      "provider": "provider[\"registry.terraform.io/integrations/github\"]",
      "instances": [
        {
          "index_key": 0,
          "schema_version": 0,
          "attributes": {
            "allow_auto_merge": false,
            "allow_merge_commit": true,
            "allow_rebase_merge": true,
            "allow_squash_merge": true,
            "allow_update_branch": false,
            "archived": false,
            "default_branch": "main",
            "delete_branch_on_merge": false,
            "description": "",
            "fork": false,
            "full_name": "stevelockwood/test-agent-cicd",
            "git_clone_url": "git://github.com/stevelockwood/test-agent-cicd.git",
            "has_discussions": false,
            "has_downloads": true,
            "has_issues": true,
            "has_projects": true,
            "has_wiki": true,
            "homepage_url": "",
            "html_url": "https://github.com/stevelockwood/test-agent-cicd",
            "http_clone_url": "https://github.com/stevelockwood/test-agent-cicd.git",
            "id": "test-agent-cicd",
            "is_template": false,
            "merge_commit_message": "PR_TITLE",
            "merge_commit_title": "MERGE_MESSAGE",
            "name": "test-agent-cicd",
            "node_id": "R_kgDORNdvKA",
            "pages": [],
            "primary_language": "",
            "private": false,
            "repo_id": 1154969384,
            "repository_license": [],
            "squash_merge_commit_message": "COMMIT_MESSAGES",
            "squash_merge_commit_title": "COMMIT_OR_PR_TITLE",
            "ssh_clone_url": "git@github.com:stevelockwood/test-agent-cicd.git",
            "svn_url": "https://github.com/stevelockwood/test-agent-cicd",
            "template": [],
            "topics": [],
            "visibility": "public"
          },
          "sensitive_attributes": []
        }
      ]
    },
    {
      "mode": "data",
      "type": "google_project",
      "name": "cicd_project",
      "provider": "provider[\"registry.terraform.io/hashicorp/google\"]",
      "instances": [
        {
          "schema_version": 0,
          "attributes": {
            "auto_create_network": null,
            "billing_account": null,
            "deletion_policy": "PREVENT",
            "effective_labels": {},
            "folder_id": "336891439187",
            "id": "projects/steve-demo-cicd-f04-stage",
            "labels": {},
            "name": "steve-demo-cicd-f04-stage",
            "number": "772783402161",
            "org_id": "",
            "project_id": "steve-demo-cicd-f04-stage",
            "tags": null,
            "terraform_labels": {}
          },
          "sensitive_attributes": []
        }
      ]
    },
    {
      "mode": "data",
      "type": "google_project",
      "name": "project",
      "provider": "provider[\"registry.terraform.io/hashicorp/google\"]",
      "instances": [
        {
          "schema_version": 0,
          "attributes": {
            "auto_create_network": null,
            "billing_account": null,
            "deletion_policy": "PREVENT",
            "effective_labels": {},
            "folder_id": "336891439187",
            "id": "projects/steve-demo-cicd-f04-stage",
            "labels": {},
            "name": "steve-demo-cicd-f04-stage",
            "number": "772783402161",
            "org_id": "",
            "project_id": "steve-demo-cicd-f04-stage",
            "tags": null,
            "terraform_labels": {}
          },
          "sensitive_attributes": []
        }
      ]
    },
    {
      "mode": "data",
      "type": "google_project",
      "name": "staging_project",
      "provider": "provider[\"registry.terraform.io/hashicorp/google\"]",
      "instances": [
        {
          "schema_version": 0,
          "attributes": {
            "auto_create_network": null,
            "billing_account": null,
            "deletion_policy": "PREVENT",
            "effective_labels": {},
            "folder_id": "336891439187",
            "id": "projects/steve-demo-cicd-f04-stage",
            "labels": {},
            "name": "steve-demo-cicd-f04-stage",
            "number": "772783402161",
            "org_id": "",
            "project_id": "steve-demo-cicd-f04-stage",
            "tags": null,
            "terraform_labels": {}
          },
          "sensitive_attributes": []
        }
      ]
    },
    {
      "mode": "data",
      "type": "google_secret_manager_secret",
      "name": "github_pat",
      "provider": "provider[\"registry.terraform.io/hashicorp/google\"]",
      "instances": [
        {
          "schema_version": 0,
          "attributes": {
            "annotations": {},
            "create_time": "2026-02-11T01:22:16.782950Z",
            "deletion_protection": false,
            "effective_annotations": {},
            "effective_labels": {},
            "expire_time": "",
            "id": "projects/steve-demo-cicd-f04-stage/secrets/ci-cd-lab-github-oauthtoken-b33b36",
            "labels": {},
            "name": "projects/772783402161/secrets/ci-cd-lab-github-oauthtoken-b33b36",
            "project": "steve-demo-cicd-f04-stage",
            "replication": [
              {
                "auto": [],
                "user_managed": [
                  {
                    "replicas": [
                      {
                        "customer_managed_encryption": [],
                        "location": "us-central1"
                      }
                    ]
                  }
                ]
              }
            ],
            "rotation": [],
            "secret_id": "ci-cd-lab-github-oauthtoken-b33b36",
            "tags": null,
            "terraform_labels": {},
            "topics": [],
            "ttl": null,
            "version_aliases": {},
            "version_destroy_ttl": ""
          },
          "sensitive_attributes": []
        }
      ]
    },
    {
      "mode": "managed",
      "type": "google_artifact_registry_repository",
      "name": "repo-artifacts-genai",
      "provider": "provider[\"registry.terraform.io/hashicorp/google\"]",
      "instances": [
        {
          "schema_version": 0,
          "attributes": {
            "cleanup_policies": [],
            "cleanup_policy_dry_run": false,
            "create_time": "2026-02-11T01:31:40.424222Z",
            "description": "Repo for Generative AI applications",
            "docker_config": [],
            "effective_labels": {
              "goog-terraform-provisioned": "true"
            },
            "format": "DOCKER",
            "id": "projects/steve-demo-cicd-f04-stage/locations/us-central1/repositories/lab-agent-repo",
            "kms_key_name": "",
            "labels": {},
            "location": "us-central1",
            "maven_config": [],
            "mode": "STANDARD_REPOSITORY",
            "name": "lab-agent-repo",
            "project": "steve-demo-cicd-f04-stage",
            "registry_uri": "us-central1-docker.pkg.dev/steve-demo-cicd-f04-stage/lab-agent-repo",
            "remote_repository_config": [],
            "repository_id": "lab-agent-repo",
            "terraform_labels": {
              "goog-terraform-provisioned": "true"
            },
            "timeouts": null,
            "update_time": "2026-02-11T01:31:40.424222Z",
            "virtual_repository_config": [],
            "vulnerability_scanning_config": [
              {
                "enablement_config": "",
                "enablement_state": "SCANNING_DISABLED",
                "enablement_state_reason": "API containerscanning.googleapis.com is not enabled."
              }
            ]
          },
          "sensitive_attributes": [],
          "private": "eyJlMmJmYjczMC1lY2FhLTExZTYtOGY4OC0zNDM2M2JjN2M0YzAiOnsiY3JlYXRlIjoxMjAwMDAwMDAwMDAwLCJkZWxldGUiOjEyMDAwMDAwMDAwMDAsInVwZGF0ZSI6MTIwMDAwMDAwMDAwMH19",
          "dependencies": [
            "google_project_service.services"
          ]
        }
      ]
    },
    {
      "mode": "managed",
      "type": "google_bigquery_connection",
      "name": "genai_telemetry_connection",
      "provider": "provider[\"registry.terraform.io/hashicorp/google\"]",
      "instances": [
        {
          "schema_version": 0,
          "attributes": {
            "aws": [],
            "azure": [],
            "cloud_resource": [
              {
                "service_account_id": "bqcx-772783402161-tpd4@gcp-sa-bigquery-condel.iam.gserviceaccount.com"
              }
            ],
            "cloud_spanner": [],
            "cloud_sql": [],
            "connection_id": "lab-agent-genai-telemetry",
            "description": "",
            "friendly_name": "lab-agent GenAI Telemetry Connection",
            "has_credential": false,
            "id": "projects/steve-demo-cicd-f04-stage/locations/us-central1/connections/lab-agent-genai-telemetry",
            "kms_key_name": "",
            "location": "us-central1",
            "name": "projects/772783402161/locations/us-central1/connections/lab-agent-genai-telemetry",
            "project": "steve-demo-cicd-f04-stage",
            "spark": [],
            "timeouts": null
          },
          "sensitive_attributes": [],
          "private": "eyJlMmJmYjczMC1lY2FhLTExZTYtOGY4OC0zNDM2M2JjN2M0YzAiOnsiY3JlYXRlIjoxMjAwMDAwMDAwMDAwLCJkZWxldGUiOjEyMDAwMDAwMDAwMDAsInVwZGF0ZSI6MTIwMDAwMDAwMDAwMH19",
          "dependencies": [
            "google_project_service.services"
          ]
        }
      ]
    },
    {
      "mode": "managed",
      "type": "google_bigquery_dataset",
      "name": "telemetry_dataset",
      "provider": "provider[\"registry.terraform.io/hashicorp/google\"]",
      "instances": [
        {
          "schema_version": 0,
          "attributes": {
            "access": [
              {
                "condition": [],
                "dataset": [],
                "domain": "",
                "group_by_email": "",
                "iam_member": "",
                "role": "OWNER",
                "routine": [],
                "special_group": "",
                "user_by_email": "steve@lochnetsystems.com",
                "view": []
              },
              {
                "condition": [],
                "dataset": [],
                "domain": "",
                "group_by_email": "",
                "iam_member": "",
                "role": "OWNER",
                "routine": [],
                "special_group": "projectOwners",
                "user_by_email": "",
                "view": []
              },
              {
                "condition": [],
                "dataset": [],
                "domain": "",
                "group_by_email": "",
                "iam_member": "",
                "role": "READER",
                "routine": [],
                "special_group": "projectReaders",
                "user_by_email": "",
                "view": []
              },
              {
                "condition": [],
                "dataset": [],
                "domain": "",
                "group_by_email": "",
                "iam_member": "",
                "role": "WRITER",
                "routine": [],
                "special_group": "projectWriters",
                "user_by_email": "",
                "view": []
              }
            ],
            "creation_time": 1770773485729,
            "dataset_id": "lab_agent_telemetry",
            "default_collation": "",
            "default_encryption_configuration": [],
            "default_partition_expiration_ms": 0,
            "default_table_expiration_ms": 0,
            "delete_contents_on_destroy": false,
            "description": "Dataset for GenAI telemetry data stored in GCS",
            "effective_labels": {
              "goog-terraform-provisioned": "true"
            },
            "etag": "S/J1HqhRGuvzkYNCDa/xgA==",
            "external_catalog_dataset_options": [],
            "external_dataset_reference": [],
            "friendly_name": "lab-agent Telemetry",
            "id": "projects/steve-demo-cicd-f04-stage/datasets/lab_agent_telemetry",
            "is_case_insensitive": false,
            "labels": {},
            "last_modified_time": 1770773485729,
            "location": "us-central1",
            "max_time_travel_hours": "168",
            "project": "steve-demo-cicd-f04-stage",
            "resource_tags": {},
            "self_link": "https://bigquery.googleapis.com/bigquery/v2/projects/steve-demo-cicd-f04-stage/datasets/lab_agent_telemetry",
            "storage_billing_model": "",
            "terraform_labels": {
              "goog-terraform-provisioned": "true"
            },
            "timeouts": null
          },
          "sensitive_attributes": [],
          "private": "eyJlMmJmYjczMC1lY2FhLTExZTYtOGY4OC0zNDM2M2JjN2M0YzAiOnsiY3JlYXRlIjoxMjAwMDAwMDAwMDAwLCJkZWxldGUiOjEyMDAwMDAwMDAwMDAsInVwZGF0ZSI6MTIwMDAwMDAwMDAwMH19",
          "dependencies": [
            "google_project_service.services"
          ]
        }
      ]
    },
    {
      "mode": "managed",
      "type": "google_bigquery_table",
      "name": "completions_external_table",
      "provider": "provider[\"registry.terraform.io/hashicorp/google\"]",
      "instances": [
        {
          "schema_version": 0,
          "attributes": {
            "biglake_configuration": [],
            "clustering": null,
            "creation_time": 1770773509483,
            "dataset_id": "lab_agent_telemetry",
            "deletion_protection": false,
            "description": "",
            "effective_labels": {
              "goog-terraform-provisioned": "true"
            },
            "encryption_configuration": [],
            "etag": "SP+DXoTUJsKg/5Ns+oM8Zw==",
            "expiration_time": 0,
            "external_catalog_table_options": [],
            "external_data_configuration": [
              {
                "autodetect": false,
                "avro_options": [],
                "bigtable_options": [],
                "compression": "NONE",
                "connection_id": "772783402161.us-central1.lab-agent-genai-telemetry",
                "csv_options": [],
                "decimal_target_types": [],
                "file_set_spec_type": "",
                "google_sheets_options": [],
                "hive_partitioning_options": [],
                "ignore_unknown_values": true,
                "json_extension": "",
                "json_options": [],
                "max_bad_records": 1000,
                "metadata_cache_mode": "",
                "object_metadata": "",
                "parquet_options": [],
                "reference_file_schema_uri": "",
                "schema": "",
                "source_format": "NEWLINE_DELIMITED_JSON",
                "source_uris": [
                  "gs://steve-demo-cicd-f04-stage-lab-agent-logs/completions/*"
                ]
              }
            ],
            "friendly_name": "",
            "generated_schema_columns": "",
            "id": "projects/steve-demo-cicd-f04-stage/datasets/lab_agent_telemetry/tables/completions",
            "ignore_auto_generated_schema": false,
            "ignore_schema_changes": null,
            "labels": {},
            "last_modified_time": 1770773509864,
            "location": "us-central1",
            "materialized_view": [],
            "max_staleness": "",
            "num_bytes": 0,
            "num_long_term_bytes": 0,
            "num_rows": 0,
            "project": "steve-demo-cicd-f04-stage",
            "range_partitioning": [],
            "require_partition_filter": false,
            "resource_tags": {},
            "schema": "[{\"fields\":[{\"mode\":\"NULLABLE\",\"name\":\"type\",\"type\":\"STRING\"},{\"mode\":\"NULLABLE\",\"name\":\"content\",\"type\":\"STRING\"},{\"mode\":\"NULLABLE\",\"name\":\"mime_type\",\"type\":\"STRING\"},{\"mode\":\"NULLABLE\",\"name\":\"uri\",\"type\":\"STRING\"},{\"mode\":\"NULLABLE\",\"name\":\"data\",\"type\":\"BYTES\"},{\"mode\":\"NULLABLE\",\"name\":\"id\",\"type\":\"STRING\"},{\"mode\":\"NULLABLE\",\"name\":\"name\",\"type\":\"STRING\"},{\"mode\":\"NULLABLE\",\"name\":\"arguments\",\"type\":\"JSON\"},{\"mode\":\"NULLABLE\",\"name\":\"response\",\"type\":\"JSON\"}],\"mode\":\"REPEATED\",\"name\":\"parts\",\"type\":\"RECORD\"},{\"mode\":\"NULLABLE\",\"name\":\"role\",\"type\":\"STRING\"},{\"mode\":\"NULLABLE\",\"name\":\"index\",\"type\":\"INTEGER\"}]",
            "schema_foreign_type_info": [],
            "self_link": "https://bigquery.googleapis.com/bigquery/v2/projects/steve-demo-cicd-f04-stage/datasets/lab_agent_telemetry/tables/completions",
            "table_constraints": [],
            "table_id": "completions",
            "table_metadata_view": null,
            "table_replication_info": [],
            "terraform_labels": {
              "goog-terraform-provisioned": "true"
            },
            "time_partitioning": [],
            "type": "EXTERNAL",
            "view": []
          },
          "sensitive_attributes": [],
          "private": "bnVsbA==",
          "dependencies": [
            "google_bigquery_connection.genai_telemetry_connection",
            "google_bigquery_dataset.telemetry_dataset",
            "google_project_service.services",
            "google_storage_bucket.logs_data_bucket",
            "google_storage_bucket_iam_member.telemetry_connection_access",
            "time_sleep.wait_for_bq_connection_sa"
          ]
        }
      ]
    },
    {
      "mode": "managed",
      "type": "google_bigquery_table",
      "name": "completions_view",
      "provider": "provider[\"registry.terraform.io/hashicorp/google\"]",
      "instances": [
        {
          "schema_version": 0,
          "attributes": {
            "biglake_configuration": [],
            "clustering": null,
            "creation_time": 1770773585477,
            "dataset_id": "lab_agent_telemetry",
            "deletion_protection": false,
            "description": "View of GenAI completion logs joined with the GCS prompt/response external table",
            "effective_labels": {
              "goog-terraform-provisioned": "true"
            },
            "encryption_configuration": [],
            "etag": "tGbWG8fsmbHGHyasbxreZQ==",
            "expiration_time": 0,
            "external_catalog_table_options": [],
            "external_data_configuration": [],
            "friendly_name": "",
            "generated_schema_columns": "",
            "id": "projects/steve-demo-cicd-f04-stage/datasets/lab_agent_telemetry/tables/completions_view",
            "ignore_auto_generated_schema": false,
            "ignore_schema_changes": null,
            "labels": {},
            "last_modified_time": 1770773586472,
            "location": "us-central1",
            "materialized_view": [],
            "max_staleness": "",
            "num_bytes": 0,
            "num_long_term_bytes": 0,
            "num_rows": 0,
            "project": "steve-demo-cicd-f04-stage",
            "range_partitioning": [],
            "require_partition_filter": false,
            "resource_tags": {},
            "schema": "[{\"mode\":\"NULLABLE\",\"name\":\"timestamp\",\"type\":\"TIMESTAMP\"},{\"mode\":\"NULLABLE\",\"name\":\"insert_id\",\"type\":\"STRING\"},{\"mode\":\"NULLABLE\",\"name\":\"trace\",\"type\":\"STRING\"},{\"mode\":\"NULLABLE\",\"name\":\"span_id\",\"type\":\"STRING\"},{\"mode\":\"NULLABLE\",\"name\":\"api_call_id\",\"type\":\"STRING\"},{\"mode\":\"NULLABLE\",\"name\":\"message_type\",\"type\":\"STRING\"},{\"mode\":\"NULLABLE\",\"name\":\"role\",\"type\":\"STRING\"},{\"mode\":\"NULLABLE\",\"name\":\"message_idx\",\"type\":\"INTEGER\"},{\"mode\":\"NULLABLE\",\"name\":\"part_idx\",\"type\":\"INTEGER\"},{\"mode\":\"NULLABLE\",\"name\":\"content\",\"type\":\"STRING\"},{\"mode\":\"NULLABLE\",\"name\":\"part_type\",\"type\":\"STRING\"},{\"mode\":\"NULLABLE\",\"name\":\"tool_name\",\"type\":\"STRING\"},{\"mode\":\"NULLABLE\",\"name\":\"tool_args\",\"type\":\"JSON\"},{\"mode\":\"NULLABLE\",\"name\":\"tool_response\",\"type\":\"JSON\"},{\"mode\":\"NULLABLE\",\"name\":\"uri\",\"type\":\"STRING\"},{\"mode\":\"NULLABLE\",\"name\":\"mime_type\",\"type\":\"STRING\"},{\"mode\":\"NULLABLE\",\"name\":\"data_md5_hex\",\"type\":\"STRING\"},{\"mode\":\"NULLABLE\",\"name\":\"labels\",\"type\":\"JSON\"},{\"mode\":\"NULLABLE\",\"name\":\"messages_ref_uri\",\"type\":\"STRING\"}]",
            "schema_foreign_type_info": [],
            "self_link": "https://bigquery.googleapis.com/bigquery/v2/projects/steve-demo-cicd-f04-stage/datasets/lab_agent_telemetry/tables/completions_view",
            "table_constraints": [],
            "table_id": "completions_view",
            "table_metadata_view": null,
            "table_replication_info": [],
            "terraform_labels": {
              "goog-terraform-provisioned": "true"
            },
            "time_partitioning": [],
            "type": "VIEW",
            "view": [
              {
                "query": "-- Optimized join of Cloud Logging data with GCS-stored prompt/response data.\n-- This query extracts both input and output messages referenced in logs.\n-- Note: Input files contain full conversation history, so messages may appear multiple times.\n\n-- Extract message references from Cloud Logging (scan once, extract both input/output)\nWITH log_refs AS (\n  SELECT\n    insert_id,\n    timestamp,\n    labels,\n    trace,\n    span_id,\n    JSON_VALUE(labels, '$.\\\"gen_ai.input.messages_ref\\\"') AS input_ref,\n    JSON_VALUE(labels, '$.\\\"gen_ai.output.messages_ref\\\"') AS output_ref\n  FROM `steve-demo-cicd-f04-stage.lab_agent_genai_telemetry_logs._AllLogs`\n  WHERE JSON_VALUE(labels, '$.\\\"gen_ai.input.messages_ref\\\"') IS NOT NULL\n     OR JSON_VALUE(labels, '$.\\\"gen_ai.output.messages_ref\\\"') IS NOT NULL\n),\n\n-- Unpivot to get one row per message reference\nunpivoted_refs AS (\n  SELECT\n    insert_id,\n    timestamp,\n    labels,\n    trace,\n    span_id,\n    input_ref AS messages_ref_uri,\n    'input' AS message_type\n  FROM log_refs\n  WHERE input_ref IS NOT NULL\n\n  UNION ALL\n\n  SELECT\n    insert_id,\n    timestamp,\n    labels,\n    trace,\n    span_id,\n    output_ref AS messages_ref_uri,\n    'output' AS message_type\n  FROM log_refs\n  WHERE output_ref IS NOT NULL\n),\n\n-- Join with completions external table and extract api_call_id once\njoined_data AS (\n  SELECT\n    lr.insert_id,\n    lr.timestamp,\n    lr.labels,\n    lr.trace,\n    lr.span_id,\n    lr.messages_ref_uri,\n    lr.message_type,\n    SPLIT(REGEXP_EXTRACT(lr.messages_ref_uri, r'/([^/]+)\\.jsonl'), '_')[OFFSET(0)] AS api_call_id,\n    c.role,\n    c.parts,\n    c.index AS message_idx\n  FROM unpivoted_refs lr\n  JOIN `steve-demo-cicd-f04-stage.lab_agent_telemetry.completions` c\n    ON lr.messages_ref_uri = c._FILE_NAME\n),\n\n-- Flatten the parts array\nflattened AS (\n  SELECT\n    insert_id,\n    timestamp,\n    labels,\n    trace,\n    span_id,\n    messages_ref_uri,\n    message_type,\n    api_call_id,\n    role,\n    message_idx,\n    part_idx,\n    part.type AS part_type,\n    part.content,\n    part.uri,\n    part.mime_type,\n    TO_HEX(MD5(part.data)) AS data_md5_hex,\n    part.id AS tool_id,\n    part.name AS tool_name,\n    part.arguments AS tool_args,\n    part.response AS tool_response\n  FROM joined_data\n  CROSS JOIN UNNEST(parts) AS part WITH OFFSET AS part_idx\n),\n\n-- Deduplicate by trace: keep only the latest log entry per trace\n-- (Tool calls create multiple log entries with same trace but different timestamps)\ndeduplicated AS (\n  SELECT\n    *,\n    ROW_NUMBER() OVER (\n      PARTITION BY trace, message_type, role, message_idx, part_idx\n      ORDER BY timestamp DESC\n    ) AS row_num\n  FROM flattened\n)\n\nSELECT\n  -- Core identifiers and timestamps\n  timestamp,\n  insert_id,\n  trace,\n  span_id,\n  api_call_id,\n\n  -- Message metadata\n  message_type,\n  role,\n  message_idx,\n  part_idx,\n\n  -- Message content\n  content,\n\n  -- Tool/function calling\n  part_type,\n  tool_name,\n  tool_args,\n  tool_response,\n\n  -- Additional metadata\n  uri,\n  mime_type,\n  data_md5_hex,\n\n  -- Raw fields\n  labels,\n  messages_ref_uri\nFROM deduplicated\nWHERE row_num = 1  -- Keep only the latest entry per trace/message/part\nORDER BY trace ASC, message_type ASC, message_idx ASC, part_idx ASC\n",
                "use_legacy_sql": false
              }
            ]
          },
          "sensitive_attributes": [],
          "private": "bnVsbA==",
          "dependencies": [
            "google_bigquery_connection.genai_telemetry_connection",
            "google_bigquery_dataset.telemetry_dataset",
            "google_bigquery_table.completions_external_table",
            "google_logging_linked_dataset.genai_logs_linked_dataset",
            "google_logging_project_bucket_config.genai_telemetry_bucket",
            "google_logging_project_sink.genai_logs_to_bucket",
            "google_project_service.services",
            "google_storage_bucket.logs_data_bucket",
            "google_storage_bucket_iam_member.telemetry_connection_access",
            "time_sleep.wait_for_bq_connection_sa",
            "time_sleep.wait_for_linked_dataset"
          ]
        }
      ]
    },
    {
      "mode": "managed",
      "type": "google_cloud_run_v2_service",
      "name": "app",
      "provider": "provider[\"registry.terraform.io/hashicorp/google\"]",
      "instances": [
        {
          "schema_version": 0,
          "attributes": {
            "annotations": {},
            "binary_authorization": [],
            "build_config": [],
            "client": "",
            "client_version": "",
            "conditions": [
              {
                "execution_reason": "",
                "last_transition_time": "2026-02-11T01:31:56.483237Z",
                "message": "",
                "reason": "",
                "revision_reason": "",
                "severity": "",
                "state": "CONDITION_SUCCEEDED",
                "type": "RoutesReady"
              },
              {
                "execution_reason": "",
                "last_transition_time": "2026-02-11T01:31:50.665029Z",
                "message": "",
                "reason": "",
                "revision_reason": "",
                "severity": "",
                "state": "CONDITION_SUCCEEDED",
                "type": "ConfigurationsReady"
              }
            ],
            "create_time": "2026-02-11T01:31:49.821125Z",
            "creator": "steve@lochnetsystems.com",
            "custom_audiences": [],
            "default_uri_disabled": false,
            "delete_time": "",
            "deletion_protection": false,
            "description": "",
            "effective_annotations": {},
            "effective_labels": {
              "created-by": "adk",
              "goog-terraform-provisioned": "true"
            },
            "etag": "\"CIW4r8wGEIi_xYcD/cHJvamVjdHMvc3RldmUtZGVtby1jaWNkLWYwNC1zdGFnZS9sb2NhdGlvbnMvdXMtY2VudHJhbDEvc2VydmljZXMvbGFiLWFnZW50\"",
            "expire_time": "",
            "generation": "1",
            "id": "projects/steve-demo-cicd-f04-stage/locations/us-central1/services/lab-agent",
            "ingress": "INGRESS_TRAFFIC_ALL",
            "invoker_iam_disabled": false,
            "labels": {
              "created-by": "adk"
            },
            "last_modifier": "steve@lochnetsystems.com",
            "latest_created_revision": "projects/steve-demo-cicd-f04-stage/locations/us-central1/services/lab-agent/revisions/lab-agent-00001-bh7",
            "latest_ready_revision": "projects/steve-demo-cicd-f04-stage/locations/us-central1/services/lab-agent/revisions/lab-agent-00001-bh7",
            "launch_stage": "GA",
            "location": "us-central1",
            "multi_region_settings": [],
            "name": "lab-agent",
            "observed_generation": "1",
            "project": "steve-demo-cicd-f04-stage",
            "reconciling": false,
            "scaling": [
              {
                "manual_instance_count": 0,
                "max_instance_count": 100,
                "min_instance_count": 0,
                "scaling_mode": ""
              }
            ],
            "template": [
              {
                "annotations": {},
                "containers": [
                  {
                    "args": [],
                    "base_image_uri": "",
                    "build_info": [],
                    "command": [],
                    "depends_on": [],
                    "env": [
                      {
                        "name": "LOGS_BUCKET_NAME",
                        "value": "steve-demo-cicd-f04-stage-lab-agent-logs",
                        "value_source": []
                      },
                      {
                        "name": "OTEL_INSTRUMENTATION_GENAI_CAPTURE_MESSAGE_CONTENT",
                        "value": "NO_CONTENT",
                        "value_source": []
                      }
                    ],
                    "image": "us-docker.pkg.dev/cloudrun/container/hello",
                    "liveness_probe": [],
                    "name": "",
                    "ports": [
                      {
                        "container_port": 8080,
                        "name": "http1"
                      }
                    ],
                    "resources": [
                      {
                        "cpu_idle": false,
                        "limits": {
                          "cpu": "4",
                          "memory": "8Gi"
                        },
                        "startup_cpu_boost": false
                      }
                    ],
                    "startup_probe": [
                      {
                        "failure_threshold": 1,
                        "grpc": [],
                        "http_get": [],
                        "initial_delay_seconds": 0,
                        "period_seconds": 240,
                        "tcp_socket": [
                          {
                            "port": 8080
                          }
                        ],
                        "timeout_seconds": 240
                      }
                    ],
                    "volume_mounts": [],
                    "working_dir": ""
                  }
                ],
                "encryption_key": "",
                "execution_environment": "",
                "gpu_zonal_redundancy_disabled": false,
                "health_check_disabled": false,
                "labels": {},
                "max_instance_request_concurrency": 40,
                "node_selector": [],
                "revision": "",
                "scaling": [
                  {
                    "max_instance_count": 10,
                    "min_instance_count": 1
                  }
                ],
                "service_account": "lab-agent-app@steve-demo-cicd-f04-stage.iam.gserviceaccount.com",
                "session_affinity": true,
                "timeout": "300s",
                "volumes": [],
                "vpc_access": []
              }
            ],
            "terminal_condition": [
              {
                "execution_reason": "",
                "last_transition_time": "2026-02-11T01:31:56.528477Z",
                "message": "",
                "reason": "",
                "revision_reason": "",
                "severity": "",
                "state": "CONDITION_SUCCEEDED",
                "type": "Ready"
              }
            ],
            "terraform_labels": {
              "created-by": "adk",
              "goog-terraform-provisioned": "true"
            },
            "timeouts": null,
            "traffic": [
              {
                "percent": 100,
                "revision": "",
                "tag": "",
                "type": "TRAFFIC_TARGET_ALLOCATION_TYPE_LATEST"
              }
            ],
            "traffic_statuses": [
              {
                "percent": 100,
                "revision": "",
                "tag": "",
                "type": "TRAFFIC_TARGET_ALLOCATION_TYPE_LATEST",
                "uri": ""
              }
            ],
            "uid": "2c309c87-0724-4cea-a19c-5236d37f86b3",
            "update_time": "2026-02-11T01:31:49.821125Z",
            "uri": "https://lab-agent-odobk5k6hq-uc.a.run.app",
            "urls": [
              "https://lab-agent-772783402161.us-central1.run.app",
              "https://lab-agent-odobk5k6hq-uc.a.run.app"
            ]
          },
          "sensitive_attributes": [],
          "private": "eyJlMmJmYjczMC1lY2FhLTExZTYtOGY4OC0zNDM2M2JjN2M0YzAiOnsiY3JlYXRlIjoxMjAwMDAwMDAwMDAwLCJkZWxldGUiOjEyMDAwMDAwMDAwMDAsInVwZGF0ZSI6MTIwMDAwMDAwMDAwMH19",
          "dependencies": [
            "google_project_service.services",
            "google_service_account.app_sa",
            "google_storage_bucket.logs_data_bucket"
          ]
        }
      ]
    },
    {
      "mode": "managed",
      "type": "google_cloudbuild_trigger",
      "name": "staging_deployment",
      "provider": "provider[\"registry.terraform.io/hashicorp/google\"]",
      "instances": [
        {
          "schema_version": 2,
          "attributes": {
            "approval_config": [
              {
                "approval_required": false
              }
            ],
            "bitbucket_server_trigger_config": [],
            "build": [],
            "create_time": "2026-02-11T01:35:42.414817807Z",
            "description": "Trigger for staging deployment on push to repository",
            "developer_connect_event_config": [],
            "disabled": false,
            "filename": ".cloudbuild/staging.yaml",
            "filter": "",
            "git_file_source": [],
            "github": [],
            "id": "projects/steve-demo-cicd-f04-stage/locations/us-central1/triggers/c25569be-c65a-4292-bbfd-d686b7d535e4",
            "ignored_files": null,
            "include_build_logs": "INCLUDE_BUILD_LOGS_WITH_STATUS",
            "included_files": [
              "app/**",
              "data_ingestion/**",
              "tests/**",
              "deployment/**",
              "uv.lock"
            ],
            "location": "us-central1",
            "name": "deploy-lab-agent-staging",
            "project": "steve-demo-cicd-f04-stage",
            "pubsub_config": [],
            "repository_event_config": [
              {
                "pull_request": [],
                "push": [
                  {
                    "branch": ".*",
                    "invert_regex": false,
                    "tag": ""
                  }
                ],
                "repository": "projects/steve-demo-cicd-f04-stage/locations/us-central1/connections/ci-cd-lab/repositories/test-agent-cicd"
              }
            ],
            "service_account": "projects/steve-demo-cicd-f04-stage/serviceAccounts/lab-agent-cb@steve-demo-cicd-f04-stage.iam.gserviceaccount.com",
            "source_to_build": [],
            "substitutions": {
              "_APP_SERVICE_ACCOUNT": "lab-agent-app@steve-demo-cicd-f04-stage.iam.gserviceaccount.com",
              "_ARTIFACT_REGISTRY_REPO_NAME": "lab-agent-repo",
              "_CONTAINER_NAME": "lab-agent",
              "_LOGS_BUCKET_NAME": "steve-demo-cicd-f04-stage-lab-agent-logs",
              "_PROJECT_ID": "steve-demo-cicd-f04-stage",
              "_REGION": "us-central1"
            },
            "tags": null,
            "timeouts": null,
            "trigger_id": "c25569be-c65a-4292-bbfd-d686b7d535e4",
            "trigger_template": [],
            "webhook_config": []
          },
          "sensitive_attributes": [],
          "private": "eyJlMmJmYjczMC1lY2FhLTExZTYtOGY4OC0zNDM2M2JjN2M0YzAiOnsiY3JlYXRlIjoxMjAwMDAwMDAwMDAwLCJkZWxldGUiOjEyMDAwMDAwMDAwMDAsInVwZGF0ZSI6MTIwMDAwMDAwMDAwMH0sInNjaGVtYV92ZXJzaW9uIjoiMiJ9",
          "dependencies": [
            "data.github_repository.existing_repo",
            "data.google_secret_manager_secret.github_pat",
            "github_repository.repo",
            "google_artifact_registry_repository.repo-artifacts-genai",
            "google_cloudbuildv2_connection.github_connection",
            "google_cloudbuildv2_repository.repo",
            "google_project_service.services",
            "google_secret_manager_secret_iam_member.cloudbuild_secret_accessor",
            "google_service_account.app_sa",
            "google_service_account.cicd_runner_sa",
            "google_storage_bucket.logs_data_bucket"
          ]
        }
      ]
    },
    {
      "mode": "managed",
      "type": "google_cloudbuildv2_connection",
      "name": "github_connection",
      "provider": "provider[\"registry.terraform.io/hashicorp/google\"]",
      "instances": [
        {
          "index_key": 0,
          "schema_version": 0,
          "attributes": {
            "annotations": null,
            "bitbucket_cloud_config": [],
            "bitbucket_data_center_config": [],
            "create_time": "2026-02-11T01:35:20.105794186Z",
            "disabled": false,
            "effective_annotations": {},
            "etag": "6CJd0gJ65hxCUITD8V213hvaXADUZH4QZJzboBd4oHY",
            "github_config": [
              {
                "app_installation_id": 18663973,
                "authorizer_credential": [
                  {
                    "oauth_token_secret_version": "projects/steve-demo-cicd-f04-stage/secrets/ci-cd-lab-github-oauthtoken-b33b36/versions/latest",
                    "username": ""
                  }
                ]
              }
            ],
            "github_enterprise_config": [],
            "gitlab_config": [],
            "id": "projects/steve-demo-cicd-f04-stage/locations/us-central1/connections/ci-cd-lab",
            "installation_state": [
              {
                "action_uri": "",
                "message": "",
                "stage": "COMPLETE"
              }
            ],
            "location": "us-central1",
            "name": "ci-cd-lab",
            "project": "steve-demo-cicd-f04-stage",
            "reconciling": false,
            "timeouts": null,
            "update_time": "2026-02-11T01:35:20.815010445Z"
          },
          "sensitive_attributes": [],
          "private": "eyJlMmJmYjczMC1lY2FhLTExZTYtOGY4OC0zNDM2M2JjN2M0YzAiOnsiY3JlYXRlIjoxMjAwMDAwMDAwMDAwLCJkZWxldGUiOjEyMDAwMDAwMDAwMDAsInVwZGF0ZSI6MTIwMDAwMDAwMDAwMH19",
          "dependencies": [
            "data.google_secret_manager_secret.github_pat",
            "google_project_service.services",
            "google_secret_manager_secret_iam_member.cloudbuild_secret_accessor"
          ]
        }
      ]
    },
    {
      "mode": "managed",
      "type": "google_cloudbuildv2_repository",
      "name": "repo",
      "provider": "provider[\"registry.terraform.io/hashicorp/google\"]",
      "instances": [
        {
          "schema_version": 0,
          "attributes": {
            "annotations": null,
            "create_time": "2026-02-11T01:35:31.143645973Z",
            "effective_annotations": {},
            "etag": "B6oeJKCvTuPlPrXqBry3SfnuCPdb9XgAbrIn_1RN_dQ",
            "id": "projects/steve-demo-cicd-f04-stage/locations/us-central1/connections/ci-cd-lab/repositories/test-agent-cicd",
            "location": "us-central1",
            "name": "test-agent-cicd",
            "parent_connection": "projects/steve-demo-cicd-f04-stage/locations/us-central1/connections/ci-cd-lab",
            "project": "steve-demo-cicd-f04-stage",
            "remote_uri": "https://github.com/stevelockwood/test-agent-cicd.git",
            "timeouts": null,
            "update_time": "2026-02-11T01:35:31.880654789Z"
          },
          "sensitive_attributes": [],
          "private": "eyJlMmJmYjczMC1lY2FhLTExZTYtOGY4OC0zNDM2M2JjN2M0YzAiOnsiY3JlYXRlIjoxMjAwMDAwMDAwMDAwLCJkZWxldGUiOjEyMDAwMDAwMDAwMDB9fQ==",
          "dependencies": [
            "data.github_repository.existing_repo",
            "data.google_secret_manager_secret.github_pat",
            "github_repository.repo",
            "google_cloudbuildv2_connection.github_connection",
            "google_project_service.services",
            "google_secret_manager_secret_iam_member.cloudbuild_secret_accessor"
          ]
        }
      ]
    },
    {
      "mode": "managed",
      "type": "google_logging_linked_dataset",
      "name": "genai_logs_linked_dataset",
      "provider": "provider[\"registry.terraform.io/hashicorp/google\"]",
      "instances": [
        {
          "schema_version": 0,
          "attributes": {
            "bigquery_dataset": [
              {
                "dataset_id": "bigquery.googleapis.com/projects/steve-demo-cicd-f04-stage/datasets/lab_agent_genai_telemetry_logs"
              }
            ],
            "bucket": "lab-agent-genai-telemetry",
            "create_time": "2026-02-11T01:32:22.534198114Z",
            "description": "Linked dataset for lab-agent GenAI telemetry Cloud Logging bucket",
            "id": "projects/steve-demo-cicd-f04-stage/locations/us-central1/buckets/lab-agent-genai-telemetry/links/lab_agent_genai_telemetry_logs",
            "lifecycle_state": "ACTIVE",
            "link_id": "lab_agent_genai_telemetry_logs",
            "location": "us-central1",
            "name": "projects/steve-demo-cicd-f04-stage/locations/us-central1/buckets/lab-agent-genai-telemetry/links/lab_agent_genai_telemetry_logs",
            "parent": "projects/steve-demo-cicd-f04-stage",
            "timeouts": null
          },
          "sensitive_attributes": [],
          "private": "eyJlMmJmYjczMC1lY2FhLTExZTYtOGY4OC0zNDM2M2JjN2M0YzAiOnsiY3JlYXRlIjoxMjAwMDAwMDAwMDAwLCJkZWxldGUiOjEyMDAwMDAwMDAwMDB9fQ==",
          "dependencies": [
            "google_logging_project_bucket_config.genai_telemetry_bucket",
            "google_logging_project_sink.genai_logs_to_bucket",
            "google_project_service.services"
          ]
        }
      ]
    },
    {
      "mode": "managed",
      "type": "google_logging_project_bucket_config",
      "name": "genai_telemetry_bucket",
      "provider": "provider[\"registry.terraform.io/hashicorp/google\"]",
      "instances": [
        {
          "schema_version": 0,
          "attributes": {
            "bucket_id": "lab-agent-genai-telemetry",
            "cmek_settings": [],
            "description": "Dedicated Cloud Logging bucket for lab-agent GenAI telemetry with 10 year retention",
            "enable_analytics": true,
            "id": "projects/steve-demo-cicd-f04-stage/locations/us-central1/buckets/lab-agent-genai-telemetry",
            "index_configs": [],
            "lifecycle_state": "ACTIVE",
            "location": "us-central1",
            "locked": false,
            "name": "projects/steve-demo-cicd-f04-stage/locations/us-central1/buckets/lab-agent-genai-telemetry",
            "project": "steve-demo-cicd-f04-stage",
            "retention_days": 3650
          },
          "sensitive_attributes": [],
          "private": "bnVsbA==",
          "dependencies": [
            "google_project_service.services"
          ]
        }
      ]
    },
    {
      "mode": "managed",
      "type": "google_logging_project_sink",
      "name": "feedback_logs_to_bucket",
      "provider": "provider[\"registry.terraform.io/hashicorp/google\"]",
      "instances": [
        {
          "schema_version": 0,
          "attributes": {
            "bigquery_options": [],
            "custom_writer_identity": null,
            "description": "",
            "destination": "logging.googleapis.com/projects/steve-demo-cicd-f04-stage/locations/us-central1/buckets/lab-agent-genai-telemetry",
            "disabled": false,
            "exclusions": [],
            "filter": "jsonPayload.log_type=\"feedback\" jsonPayload.service_name=\"lab-agent\"",
            "id": "projects/steve-demo-cicd-f04-stage/sinks/lab-agent-feedback",
            "name": "lab-agent-feedback",
            "project": "steve-demo-cicd-f04-stage",
            "unique_writer_identity": true,
            "writer_identity": ""
          },
          "sensitive_attributes": [],
          "private": "bnVsbA==",
          "dependencies": [
            "google_logging_project_bucket_config.genai_telemetry_bucket",
            "google_project_service.services"
          ]
        }
      ]
    },
    {
      "mode": "managed",
      "type": "google_logging_project_sink",
      "name": "genai_logs_to_bucket",
      "provider": "provider[\"registry.terraform.io/hashicorp/google\"]",
      "instances": [
        {
          "schema_version": 0,
          "attributes": {
            "bigquery_options": [],
            "custom_writer_identity": null,
            "description": "",
            "destination": "logging.googleapis.com/projects/steve-demo-cicd-f04-stage/locations/us-central1/buckets/lab-agent-genai-telemetry",
            "disabled": false,
            "exclusions": [],
            "filter": "log_name=\"projects/steve-demo-cicd-f04-stage/logs/gen_ai.client.inference.operation.details\" AND (labels.\"gen_ai.input.messages_ref\" =~ \".*lab-agent.*\" OR labels.\"gen_ai.output.messages_ref\" =~ \".*lab-agent.*\")",
            "id": "projects/steve-demo-cicd-f04-stage/sinks/lab-agent-genai-logs",
            "name": "lab-agent-genai-logs",
            "project": "steve-demo-cicd-f04-stage",
            "unique_writer_identity": true,
            "writer_identity": ""
          },
          "sensitive_attributes": [],
          "private": "bnVsbA==",
          "dependencies": [
            "google_logging_project_bucket_config.genai_telemetry_bucket",
            "google_project_service.services"
          ]
        }
      ]
    },
    {
      "mode": "managed",
      "type": "google_project_iam_member",
      "name": "app_sa_roles",
      "provider": "provider[\"registry.terraform.io/hashicorp/google\"]",
      "instances": [
        {
          "index_key": "roles/aiplatform.user",
          "schema_version": 0,
          "attributes": {
            "condition": [],
            "etag": "BwZKglbyl5k=",
            "id": "steve-demo-cicd-f04-stage/roles/aiplatform.user/serviceAccount:lab-agent-app@steve-demo-cicd-f04-stage.iam.gserviceaccount.com",
            "member": "serviceAccount:lab-agent-app@steve-demo-cicd-f04-stage.iam.gserviceaccount.com",
            "project": "steve-demo-cicd-f04-stage",
            "role": "roles/aiplatform.user"
          },
          "sensitive_attributes": [],
          "private": "bnVsbA==",
          "dependencies": [
            "google_project_service.services",
            "google_service_account.app_sa"
          ]
        },
        {
          "index_key": "roles/cloudtrace.agent",
          "schema_version": 0,
          "attributes": {
            "condition": [],
            "etag": "BwZKglbyl5k=",
            "id": "steve-demo-cicd-f04-stage/roles/cloudtrace.agent/serviceAccount:lab-agent-app@steve-demo-cicd-f04-stage.iam.gserviceaccount.com",
            "member": "serviceAccount:lab-agent-app@steve-demo-cicd-f04-stage.iam.gserviceaccount.com",
            "project": "steve-demo-cicd-f04-stage",
            "role": "roles/cloudtrace.agent"
          },
          "sensitive_attributes": [],
          "private": "bnVsbA==",
          "dependencies": [
            "google_project_service.services",
            "google_service_account.app_sa"
          ]
        },
        {
          "index_key": "roles/discoveryengine.editor",
          "schema_version": 0,
          "attributes": {
            "condition": [],
            "etag": "BwZKglbyl5k=",
            "id": "steve-demo-cicd-f04-stage/roles/discoveryengine.editor/serviceAccount:lab-agent-app@steve-demo-cicd-f04-stage.iam.gserviceaccount.com",
            "member": "serviceAccount:lab-agent-app@steve-demo-cicd-f04-stage.iam.gserviceaccount.com",
            "project": "steve-demo-cicd-f04-stage",
            "role": "roles/discoveryengine.editor"
          },
          "sensitive_attributes": [],
          "private": "bnVsbA==",
          "dependencies": [
            "google_project_service.services",
            "google_service_account.app_sa"
          ]
        },
        {
          "index_key": "roles/logging.logWriter",
          "schema_version": 0,
          "attributes": {
            "condition": [],
            "etag": "BwZKglbyl5k=",
            "id": "steve-demo-cicd-f04-stage/roles/logging.logWriter/serviceAccount:lab-agent-app@steve-demo-cicd-f04-stage.iam.gserviceaccount.com",
            "member": "serviceAccount:lab-agent-app@steve-demo-cicd-f04-stage.iam.gserviceaccount.com",
            "project": "steve-demo-cicd-f04-stage",
            "role": "roles/logging.logWriter"
          },
          "sensitive_attributes": [],
          "private": "bnVsbA==",
          "dependencies": [
            "google_project_service.services",
            "google_service_account.app_sa"
          ]
        },
        {
          "index_key": "roles/serviceusage.serviceUsageConsumer",
          "schema_version": 0,
          "attributes": {
            "condition": [],
            "etag": "BwZKglbyl5k=",
            "id": "steve-demo-cicd-f04-stage/roles/serviceusage.serviceUsageConsumer/serviceAccount:lab-agent-app@steve-demo-cicd-f04-stage.iam.gserviceaccount.com",
            "member": "serviceAccount:lab-agent-app@steve-demo-cicd-f04-stage.iam.gserviceaccount.com",
            "project": "steve-demo-cicd-f04-stage",
            "role": "roles/serviceusage.serviceUsageConsumer"
          },
          "sensitive_attributes": [],
          "private": "bnVsbA==",
          "dependencies": [
            "google_project_service.services",
            "google_service_account.app_sa"
          ]
        },
        {
          "index_key": "roles/storage.admin",
          "schema_version": 0,
          "attributes": {
            "condition": [],
            "etag": "BwZKglbyl5k=",
            "id": "steve-demo-cicd-f04-stage/roles/storage.admin/serviceAccount:lab-agent-app@steve-demo-cicd-f04-stage.iam.gserviceaccount.com",
            "member": "serviceAccount:lab-agent-app@steve-demo-cicd-f04-stage.iam.gserviceaccount.com",
            "project": "steve-demo-cicd-f04-stage",
            "role": "roles/storage.admin"
          },
          "sensitive_attributes": [],
          "private": "bnVsbA==",
          "dependencies": [
            "google_project_service.services",
            "google_service_account.app_sa"
          ]
        }
      ]
    },
    {
      "mode": "managed",
      "type": "google_project_iam_member",
      "name": "cicd_project_roles",
      "provider": "provider[\"registry.terraform.io/hashicorp/google\"]",
      "instances": [
        {
          "index_key": "roles/aiplatform.user",
          "schema_version": 0,
          "attributes": {
            "condition": [],
            "etag": "BwZKglbyl5k=",
            "id": "steve-demo-cicd-f04-stage/roles/aiplatform.user/serviceAccount:lab-agent-cb@steve-demo-cicd-f04-stage.iam.gserviceaccount.com",
            "member": "serviceAccount:lab-agent-cb@steve-demo-cicd-f04-stage.iam.gserviceaccount.com",
            "project": "steve-demo-cicd-f04-stage",
            "role": "roles/aiplatform.user"
          },
          "sensitive_attributes": [],
          "private": "bnVsbA==",
          "dependencies": [
            "google_project_service.services",
            "google_service_account.cicd_runner_sa"
          ]
        },
        {
          "index_key": "roles/artifactregistry.writer",
          "schema_version": 0,
          "attributes": {
            "condition": [],
            "etag": "BwZKglbyl5k=",
            "id": "steve-demo-cicd-f04-stage/roles/artifactregistry.writer/serviceAccount:lab-agent-cb@steve-demo-cicd-f04-stage.iam.gserviceaccount.com",
            "member": "serviceAccount:lab-agent-cb@steve-demo-cicd-f04-stage.iam.gserviceaccount.com",
            "project": "steve-demo-cicd-f04-stage",
            "role": "roles/artifactregistry.writer"
          },
          "sensitive_attributes": [],
          "private": "bnVsbA==",
          "dependencies": [
            "google_project_service.services",
            "google_service_account.cicd_runner_sa"
          ]
        },
        {
          "index_key": "roles/cloudbuild.builds.builder",
          "schema_version": 0,
          "attributes": {
            "condition": [],
            "etag": "BwZKglbyl5k=",
            "id": "steve-demo-cicd-f04-stage/roles/cloudbuild.builds.builder/serviceAccount:lab-agent-cb@steve-demo-cicd-f04-stage.iam.gserviceaccount.com",
            "member": "serviceAccount:lab-agent-cb@steve-demo-cicd-f04-stage.iam.gserviceaccount.com",
            "project": "steve-demo-cicd-f04-stage",
            "role": "roles/cloudbuild.builds.builder"
          },
          "sensitive_attributes": [],
          "private": "bnVsbA==",
          "dependencies": [
            "google_project_service.services",
            "google_service_account.cicd_runner_sa"
          ]
        },
        {
          "index_key": "roles/cloudtrace.agent",
          "schema_version": 0,
          "attributes": {
            "condition": [],
            "etag": "BwZKglbyl5k=",
            "id": "steve-demo-cicd-f04-stage/roles/cloudtrace.agent/serviceAccount:lab-agent-cb@steve-demo-cicd-f04-stage.iam.gserviceaccount.com",
            "member": "serviceAccount:lab-agent-cb@steve-demo-cicd-f04-stage.iam.gserviceaccount.com",
            "project": "steve-demo-cicd-f04-stage",
            "role": "roles/cloudtrace.agent"
          },
          "sensitive_attributes": [],
          "private": "bnVsbA==",
          "dependencies": [
            "google_project_service.services",
            "google_service_account.cicd_runner_sa"
          ]
        },
        {
          "index_key": "roles/discoveryengine.editor",
          "schema_version": 0,
          "attributes": {
            "condition": [],
            "etag": "BwZKglbyl5k=",
            "id": "steve-demo-cicd-f04-stage/roles/discoveryengine.editor/serviceAccount:lab-agent-cb@steve-demo-cicd-f04-stage.iam.gserviceaccount.com",
            "member": "serviceAccount:lab-agent-cb@steve-demo-cicd-f04-stage.iam.gserviceaccount.com",
            "project": "steve-demo-cicd-f04-stage",
            "role": "roles/discoveryengine.editor"
          },
          "sensitive_attributes": [],
          "private": "bnVsbA==",
          "dependencies": [
            "google_project_service.services",
            "google_service_account.cicd_runner_sa"
          ]
        },
        {
          "index_key": "roles/iam.serviceAccountUser",
          "schema_version": 0,
          "attributes": {
            "condition": [],
            "etag": "BwZKglbyl5k=",
            "id": "steve-demo-cicd-f04-stage/roles/iam.serviceAccountUser/serviceAccount:lab-agent-cb@steve-demo-cicd-f04-stage.iam.gserviceaccount.com",
            "member": "serviceAccount:lab-agent-cb@steve-demo-cicd-f04-stage.iam.gserviceaccount.com",
            "project": "steve-demo-cicd-f04-stage",
            "role": "roles/iam.serviceAccountUser"
          },
          "sensitive_attributes": [],
          "private": "bnVsbA==",
          "dependencies": [
            "google_project_service.services",
            "google_service_account.cicd_runner_sa"
          ]
        },
        {
          "index_key": "roles/logging.logWriter",
          "schema_version": 0,
          "attributes": {
            "condition": [],
            "etag": "BwZKglbyl5k=",
            "id": "steve-demo-cicd-f04-stage/roles/logging.logWriter/serviceAccount:lab-agent-cb@steve-demo-cicd-f04-stage.iam.gserviceaccount.com",
            "member": "serviceAccount:lab-agent-cb@steve-demo-cicd-f04-stage.iam.gserviceaccount.com",
            "project": "steve-demo-cicd-f04-stage",
            "role": "roles/logging.logWriter"
          },
          "sensitive_attributes": [],
          "private": "bnVsbA==",
          "dependencies": [
            "google_project_service.services",
            "google_service_account.cicd_runner_sa"
          ]
        },
        {
          "index_key": "roles/run.developer",
          "schema_version": 0,
          "attributes": {
            "condition": [],
            "etag": "BwZKglbyl5k=",
            "id": "steve-demo-cicd-f04-stage/roles/run.developer/serviceAccount:lab-agent-cb@steve-demo-cicd-f04-stage.iam.gserviceaccount.com",
            "member": "serviceAccount:lab-agent-cb@steve-demo-cicd-f04-stage.iam.gserviceaccount.com",
            "project": "steve-demo-cicd-f04-stage",
            "role": "roles/run.developer"
          },
          "sensitive_attributes": [],
          "private": "bnVsbA==",
          "dependencies": [
            "google_project_service.services",
            "google_service_account.cicd_runner_sa"
          ]
        },
        {
          "index_key": "roles/run.invoker",
          "schema_version": 0,
          "attributes": {
            "condition": [],
            "etag": "BwZKglbyl5k=",
            "id": "steve-demo-cicd-f04-stage/roles/run.invoker/serviceAccount:lab-agent-cb@steve-demo-cicd-f04-stage.iam.gserviceaccount.com",
            "member": "serviceAccount:lab-agent-cb@steve-demo-cicd-f04-stage.iam.gserviceaccount.com",
            "project": "steve-demo-cicd-f04-stage",
            "role": "roles/run.invoker"
          },
          "sensitive_attributes": [],
          "private": "bnVsbA==",
          "dependencies": [
            "google_project_service.services",
            "google_service_account.cicd_runner_sa"
          ]
        },
        {
          "index_key": "roles/storage.admin",
          "schema_version": 0,
          "attributes": {
            "condition": [],
            "etag": "BwZKglbyl5k=",
            "id": "steve-demo-cicd-f04-stage/roles/storage.admin/serviceAccount:lab-agent-cb@steve-demo-cicd-f04-stage.iam.gserviceaccount.com",
            "member": "serviceAccount:lab-agent-cb@steve-demo-cicd-f04-stage.iam.gserviceaccount.com",
            "project": "steve-demo-cicd-f04-stage",
            "role": "roles/storage.admin"
          },
          "sensitive_attributes": [],
          "private": "bnVsbA==",
          "dependencies": [
            "google_project_service.services",
            "google_service_account.cicd_runner_sa"
          ]
        }
      ]
    },
    {
      "mode": "managed",
      "type": "google_project_iam_member",
      "name": "run_artifact_registry_reader",
      "provider": "provider[\"registry.terraform.io/hashicorp/google\"]",
      "instances": [
        {
          "schema_version": 0,
          "attributes": {
            "condition": [],
            "etag": "BwZKglbyl5k=",
            "id": "steve-demo-cicd-f04-stage/roles/artifactregistry.reader/serviceAccount:service-772783402161@serverless-robot-prod.iam.gserviceaccount.com",
            "member": "serviceAccount:service-772783402161@serverless-robot-prod.iam.gserviceaccount.com",
            "project": "steve-demo-cicd-f04-stage",
            "role": "roles/artifactregistry.reader"
          },
          "sensitive_attributes": [],
          "private": "bnVsbA==",
          "dependencies": [
            "data.google_project.project",
            "google_project_service.services"
          ]
        }
      ]
    },
    {
      "mode": "managed",
      "type": "google_project_service",
      "name": "services",
      "provider": "provider[\"registry.terraform.io/hashicorp/google\"]",
      "instances": [
        {
          "index_key": 0,
          "schema_version": 0,
          "attributes": {
            "disable_dependent_services": null,
            "disable_on_destroy": false,
            "id": "steve-demo-cicd-f04-stage/cloudbuild.googleapis.com",
            "project": "steve-demo-cicd-f04-stage",
            "service": "cloudbuild.googleapis.com",
            "timeouts": null
          },
          "sensitive_attributes": [],
          "private": "eyJlMmJmYjczMC1lY2FhLTExZTYtOGY4OC0zNDM2M2JjN2M0YzAiOnsiY3JlYXRlIjoxMjAwMDAwMDAwMDAwLCJkZWxldGUiOjEyMDAwMDAwMDAwMDAsInJlYWQiOjYwMDAwMDAwMDAwMCwidXBkYXRlIjoxMjAwMDAwMDAwMDAwfX0="
        },
        {
          "index_key": 1,
          "schema_version": 0,
          "attributes": {
            "disable_dependent_services": null,
            "disable_on_destroy": false,
            "id": "steve-demo-cicd-f04-stage/discoveryengine.googleapis.com",
            "project": "steve-demo-cicd-f04-stage",
            "service": "discoveryengine.googleapis.com",
            "timeouts": null
          },
          "sensitive_attributes": [],
          "private": "eyJlMmJmYjczMC1lY2FhLTExZTYtOGY4OC0zNDM2M2JjN2M0YzAiOnsiY3JlYXRlIjoxMjAwMDAwMDAwMDAwLCJkZWxldGUiOjEyMDAwMDAwMDAwMDAsInJlYWQiOjYwMDAwMDAwMDAwMCwidXBkYXRlIjoxMjAwMDAwMDAwMDAwfX0="
        },
        {
          "index_key": 2,
          "schema_version": 0,
          "attributes": {
            "disable_dependent_services": null,
            "disable_on_destroy": false,
            "id": "steve-demo-cicd-f04-stage/aiplatform.googleapis.com",
            "project": "steve-demo-cicd-f04-stage",
            "service": "aiplatform.googleapis.com",
            "timeouts": null
          },
          "sensitive_attributes": [],
          "private": "eyJlMmJmYjczMC1lY2FhLTExZTYtOGY4OC0zNDM2M2JjN2M0YzAiOnsiY3JlYXRlIjoxMjAwMDAwMDAwMDAwLCJkZWxldGUiOjEyMDAwMDAwMDAwMDAsInJlYWQiOjYwMDAwMDAwMDAwMCwidXBkYXRlIjoxMjAwMDAwMDAwMDAwfX0="
        },
        {
          "index_key": 3,
          "schema_version": 0,
          "attributes": {
            "disable_dependent_services": null,
            "disable_on_destroy": false,
            "id": "steve-demo-cicd-f04-stage/serviceusage.googleapis.com",
            "project": "steve-demo-cicd-f04-stage",
            "service": "serviceusage.googleapis.com",
            "timeouts": null
          },
          "sensitive_attributes": [],
          "private": "eyJlMmJmYjczMC1lY2FhLTExZTYtOGY4OC0zNDM2M2JjN2M0YzAiOnsiY3JlYXRlIjoxMjAwMDAwMDAwMDAwLCJkZWxldGUiOjEyMDAwMDAwMDAwMDAsInJlYWQiOjYwMDAwMDAwMDAwMCwidXBkYXRlIjoxMjAwMDAwMDAwMDAwfX0="
        },
        {
          "index_key": 4,
          "schema_version": 0,
          "attributes": {
            "disable_dependent_services": null,
            "disable_on_destroy": false,
            "id": "steve-demo-cicd-f04-stage/bigquery.googleapis.com",
            "project": "steve-demo-cicd-f04-stage",
            "service": "bigquery.googleapis.com",
            "timeouts": null
          },
          "sensitive_attributes": [],
          "private": "eyJlMmJmYjczMC1lY2FhLTExZTYtOGY4OC0zNDM2M2JjN2M0YzAiOnsiY3JlYXRlIjoxMjAwMDAwMDAwMDAwLCJkZWxldGUiOjEyMDAwMDAwMDAwMDAsInJlYWQiOjYwMDAwMDAwMDAwMCwidXBkYXRlIjoxMjAwMDAwMDAwMDAwfX0="
        },
        {
          "index_key": 5,
          "schema_version": 0,
          "attributes": {
            "disable_dependent_services": null,
            "disable_on_destroy": false,
            "id": "steve-demo-cicd-f04-stage/cloudresourcemanager.googleapis.com",
            "project": "steve-demo-cicd-f04-stage",
            "service": "cloudresourcemanager.googleapis.com",
            "timeouts": null
          },
          "sensitive_attributes": [],
          "private": "eyJlMmJmYjczMC1lY2FhLTExZTYtOGY4OC0zNDM2M2JjN2M0YzAiOnsiY3JlYXRlIjoxMjAwMDAwMDAwMDAwLCJkZWxldGUiOjEyMDAwMDAwMDAwMDAsInJlYWQiOjYwMDAwMDAwMDAwMCwidXBkYXRlIjoxMjAwMDAwMDAwMDAwfX0="
        },
        {
          "index_key": 6,
          "schema_version": 0,
          "attributes": {
            "disable_dependent_services": null,
            "disable_on_destroy": false,
            "id": "steve-demo-cicd-f04-stage/cloudtrace.googleapis.com",
            "project": "steve-demo-cicd-f04-stage",
            "service": "cloudtrace.googleapis.com",
            "timeouts": null
          },
          "sensitive_attributes": [],
          "private": "eyJlMmJmYjczMC1lY2FhLTExZTYtOGY4OC0zNDM2M2JjN2M0YzAiOnsiY3JlYXRlIjoxMjAwMDAwMDAwMDAwLCJkZWxldGUiOjEyMDAwMDAwMDAwMDAsInJlYWQiOjYwMDAwMDAwMDAwMCwidXBkYXRlIjoxMjAwMDAwMDAwMDAwfX0="
        },
        {
          "index_key": 7,
          "schema_version": 0,
          "attributes": {
            "disable_dependent_services": null,
            "disable_on_destroy": false,
            "id": "steve-demo-cicd-f04-stage/telemetry.googleapis.com",
            "project": "steve-demo-cicd-f04-stage",
            "service": "telemetry.googleapis.com",
            "timeouts": null
          },
          "sensitive_attributes": [],
          "private": "eyJlMmJmYjczMC1lY2FhLTExZTYtOGY4OC0zNDM2M2JjN2M0YzAiOnsiY3JlYXRlIjoxMjAwMDAwMDAwMDAwLCJkZWxldGUiOjEyMDAwMDAwMDAwMDAsInJlYWQiOjYwMDAwMDAwMDAwMCwidXBkYXRlIjoxMjAwMDAwMDAwMDAwfX0="
        },
        {
          "index_key": 8,
          "schema_version": 0,
          "attributes": {
            "disable_dependent_services": null,
            "disable_on_destroy": false,
            "id": "steve-demo-cicd-f04-stage/run.googleapis.com",
            "project": "steve-demo-cicd-f04-stage",
            "service": "run.googleapis.com",
            "timeouts": null
          },
          "sensitive_attributes": [],
          "private": "eyJlMmJmYjczMC1lY2FhLTExZTYtOGY4OC0zNDM2M2JjN2M0YzAiOnsiY3JlYXRlIjoxMjAwMDAwMDAwMDAwLCJkZWxldGUiOjEyMDAwMDAwMDAwMDAsInJlYWQiOjYwMDAwMDAwMDAwMCwidXBkYXRlIjoxMjAwMDAwMDAwMDAwfX0="
        },
        {
          "index_key": 9,
          "schema_version": 0,
          "attributes": {
            "disable_dependent_services": null,
            "disable_on_destroy": false,
            "id": "steve-demo-cicd-f04-stage/iam.googleapis.com",
            "project": "steve-demo-cicd-f04-stage",
            "service": "iam.googleapis.com",
            "timeouts": null
          },
          "sensitive_attributes": [],
          "private": "eyJlMmJmYjczMC1lY2FhLTExZTYtOGY4OC0zNDM2M2JjN2M0YzAiOnsiY3JlYXRlIjoxMjAwMDAwMDAwMDAwLCJkZWxldGUiOjEyMDAwMDAwMDAwMDAsInJlYWQiOjYwMDAwMDAwMDAwMCwidXBkYXRlIjoxMjAwMDAwMDAwMDAwfX0="
        },
        {
          "index_key": 10,
          "schema_version": 0,
          "attributes": {
            "disable_dependent_services": null,
            "disable_on_destroy": false,
            "id": "steve-demo-cicd-f04-stage/logging.googleapis.com",
            "project": "steve-demo-cicd-f04-stage",
            "service": "logging.googleapis.com",
            "timeouts": null
          },
          "sensitive_attributes": [],
          "private": "eyJlMmJmYjczMC1lY2FhLTExZTYtOGY4OC0zNDM2M2JjN2M0YzAiOnsiY3JlYXRlIjoxMjAwMDAwMDAwMDAwLCJkZWxldGUiOjEyMDAwMDAwMDAwMDAsInJlYWQiOjYwMDAwMDAwMDAwMCwidXBkYXRlIjoxMjAwMDAwMDAwMDAwfX0="
        }
      ]
    },
    {
      "mode": "managed",
      "type": "google_secret_manager_secret_iam_member",
      "name": "cloudbuild_secret_accessor",
      "provider": "provider[\"registry.terraform.io/hashicorp/google\"]",
      "instances": [
        {
          "schema_version": 0,
          "attributes": {
            "condition": [],
            "etag": "BwZKglSb0MU=",
            "id": "projects/steve-demo-cicd-f04-stage/secrets/ci-cd-lab-github-oauthtoken-b33b36/roles/secretmanager.secretAccessor/serviceAccount:service-772783402161@gcp-sa-cloudbuild.iam.gserviceaccount.com",
            "member": "serviceAccount:service-772783402161@gcp-sa-cloudbuild.iam.gserviceaccount.com",
            "project": "steve-demo-cicd-f04-stage",
            "role": "roles/secretmanager.secretAccessor",
            "secret_id": "projects/steve-demo-cicd-f04-stage/secrets/ci-cd-lab-github-oauthtoken-b33b36"
          },
          "sensitive_attributes": [],
          "private": "bnVsbA==",
          "dependencies": [
            "data.google_project.cicd_project",
            "data.google_secret_manager_secret.github_pat",
            "google_project_service.services"
          ]
        }
      ]
    },
    {
      "mode": "managed",
      "type": "google_service_account",
      "name": "app_sa",
      "provider": "provider[\"registry.terraform.io/hashicorp/google\"]",
      "instances": [
        {
          "schema_version": 0,
          "attributes": {
            "account_id": "lab-agent-app",
            "create_ignore_already_exists": null,
            "description": "",
            "disabled": false,
            "display_name": "lab-agent Agent Service Account",
            "email": "lab-agent-app@steve-demo-cicd-f04-stage.iam.gserviceaccount.com",
            "id": "projects/steve-demo-cicd-f04-stage/serviceAccounts/lab-agent-app@steve-demo-cicd-f04-stage.iam.gserviceaccount.com",
            "member": "serviceAccount:lab-agent-app@steve-demo-cicd-f04-stage.iam.gserviceaccount.com",
            "name": "projects/steve-demo-cicd-f04-stage/serviceAccounts/lab-agent-app@steve-demo-cicd-f04-stage.iam.gserviceaccount.com",
            "project": "steve-demo-cicd-f04-stage",
            "timeouts": null,
            "unique_id": "110193270332246808235"
          },
          "sensitive_attributes": [],
          "private": "eyJlMmJmYjczMC1lY2FhLTExZTYtOGY4OC0zNDM2M2JjN2M0YzAiOnsiY3JlYXRlIjozMDAwMDAwMDAwMDB9fQ==",
          "dependencies": [
            "google_project_service.services"
          ]
        }
      ]
    },
    {
      "mode": "managed",
      "type": "google_service_account",
      "name": "cicd_runner_sa",
      "provider": "provider[\"registry.terraform.io/hashicorp/google\"]",
      "instances": [
        {
          "schema_version": 0,
          "attributes": {
            "account_id": "lab-agent-cb",
            "create_ignore_already_exists": null,
            "description": "",
            "disabled": false,
            "display_name": "CICD Runner SA",
            "email": "lab-agent-cb@steve-demo-cicd-f04-stage.iam.gserviceaccount.com",
            "id": "projects/steve-demo-cicd-f04-stage/serviceAccounts/lab-agent-cb@steve-demo-cicd-f04-stage.iam.gserviceaccount.com",
            "member": "serviceAccount:lab-agent-cb@steve-demo-cicd-f04-stage.iam.gserviceaccount.com",
            "name": "projects/steve-demo-cicd-f04-stage/serviceAccounts/lab-agent-cb@steve-demo-cicd-f04-stage.iam.gserviceaccount.com",
            "project": "steve-demo-cicd-f04-stage",
            "timeouts": null,
            "unique_id": "115168522047846170398"
          },
          "sensitive_attributes": [],
          "private": "eyJlMmJmYjczMC1lY2FhLTExZTYtOGY4OC0zNDM2M2JjN2M0YzAiOnsiY3JlYXRlIjozMDAwMDAwMDAwMDB9fQ==",
          "dependencies": [
            "google_project_service.services"
          ]
        }
      ]
    },
    {
      "mode": "managed",
      "type": "google_service_account_iam_member",
      "name": "cicd_account_user",
      "provider": "provider[\"registry.terraform.io/hashicorp/google\"]",
      "instances": [
        {
          "schema_version": 0,
          "attributes": {
            "condition": [],
            "etag": "BwZKglWJj7Y=",
            "id": "projects/steve-demo-cicd-f04-stage/serviceAccounts/lab-agent-cb@steve-demo-cicd-f04-stage.iam.gserviceaccount.com/roles/iam.serviceAccountUser/serviceAccount:lab-agent-cb@steve-demo-cicd-f04-stage.iam.gserviceaccount.com",
            "member": "serviceAccount:lab-agent-cb@steve-demo-cicd-f04-stage.iam.gserviceaccount.com",
            "role": "roles/iam.serviceAccountUser",
            "service_account_id": "projects/steve-demo-cicd-f04-stage/serviceAccounts/lab-agent-cb@steve-demo-cicd-f04-stage.iam.gserviceaccount.com"
          },
          "sensitive_attributes": [],
          "private": "bnVsbA==",
          "dependencies": [
            "google_project_service.services",
            "google_service_account.cicd_runner_sa"
          ]
        }
      ]
    },
    {
      "mode": "managed",
      "type": "google_service_account_iam_member",
      "name": "cicd_token_creator",
      "provider": "provider[\"registry.terraform.io/hashicorp/google\"]",
      "instances": [
        {
          "schema_version": 0,
          "attributes": {
            "condition": [],
            "etag": "BwZKglWJj7Y=",
            "id": "projects/steve-demo-cicd-f04-stage/serviceAccounts/lab-agent-cb@steve-demo-cicd-f04-stage.iam.gserviceaccount.com/roles/iam.serviceAccountTokenCreator/serviceAccount:lab-agent-cb@steve-demo-cicd-f04-stage.iam.gserviceaccount.com",
            "member": "serviceAccount:lab-agent-cb@steve-demo-cicd-f04-stage.iam.gserviceaccount.com",
            "role": "roles/iam.serviceAccountTokenCreator",
            "service_account_id": "projects/steve-demo-cicd-f04-stage/serviceAccounts/lab-agent-cb@steve-demo-cicd-f04-stage.iam.gserviceaccount.com"
          },
          "sensitive_attributes": [],
          "private": "bnVsbA==",
          "dependencies": [
            "google_project_service.services",
            "google_service_account.cicd_runner_sa"
          ]
        }
      ]
    },
    {
      "mode": "managed",
      "type": "google_storage_bucket",
      "name": "logs_data_bucket",
      "provider": "provider[\"registry.terraform.io/hashicorp/google\"]",
      "instances": [
        {
          "schema_version": 4,
          "attributes": {
            "autoclass": [],
            "cors": [],
            "custom_placement_config": [],
            "default_event_based_hold": false,
            "effective_labels": {
              "goog-terraform-provisioned": "true"
            },
            "enable_object_retention": false,
            "encryption": [],
            "force_destroy": true,
            "hierarchical_namespace": [
              {
                "enabled": false
              }
            ],
            "id": "steve-demo-cicd-f04-stage-lab-agent-logs",
            "ip_filter": [],
            "labels": {},
            "lifecycle_rule": [],
            "location": "US-CENTRAL1",
            "logging": [],
            "name": "steve-demo-cicd-f04-stage-lab-agent-logs",
            "project": "steve-demo-cicd-f04-stage",
            "project_number": 772783402161,
            "public_access_prevention": "inherited",
            "requester_pays": false,
            "retention_policy": [],
            "rpo": null,
            "self_link": "https://www.googleapis.com/storage/v1/b/steve-demo-cicd-f04-stage-lab-agent-logs",
            "soft_delete_policy": [
              {
                "effective_time": "2026-02-11T01:31:25.859Z",
                "retention_duration_seconds": 604800
              }
            ],
            "storage_class": "STANDARD",
            "terraform_labels": {
              "goog-terraform-provisioned": "true"
            },
            "time_created": "2026-02-11T01:31:25.859Z",
            "timeouts": null,
            "uniform_bucket_level_access": true,
            "updated": "2026-02-11T01:31:36.435Z",
            "url": "gs://steve-demo-cicd-f04-stage-lab-agent-logs",
            "versioning": [],
            "website": []
          },
          "sensitive_attributes": [],
          "private": "eyJlMmJmYjczMC1lY2FhLTExZTYtOGY4OC0zNDM2M2JjN2M0YzAiOnsiY3JlYXRlIjo2MDAwMDAwMDAwMDAsInJlYWQiOjI0MDAwMDAwMDAwMCwidXBkYXRlIjoyNDAwMDAwMDAwMDB9LCJzY2hlbWFfdmVyc2lvbiI6IjQifQ==",
          "dependencies": [
            "google_project_service.services"
          ]
        }
      ]
    },
    {
      "mode": "managed",
      "type": "google_storage_bucket_iam_member",
      "name": "telemetry_connection_access",
      "provider": "provider[\"registry.terraform.io/hashicorp/google\"]",
      "instances": [
        {
          "schema_version": 0,
          "attributes": {
            "bucket": "b/steve-demo-cicd-f04-stage-lab-agent-logs",
            "condition": [],
            "etag": "CAI=",
            "id": "b/steve-demo-cicd-f04-stage-lab-agent-logs/roles/storage.objectViewer/serviceAccount:bqcx-772783402161-tpd4@gcp-sa-bigquery-condel.iam.gserviceaccount.com",
            "member": "serviceAccount:bqcx-772783402161-tpd4@gcp-sa-bigquery-condel.iam.gserviceaccount.com",
            "role": "roles/storage.objectViewer",
            "timeouts": null
          },
          "sensitive_attributes": [],
          "private": "eyJlMmJmYjczMC1lY2FhLTExZTYtOGY4OC0zNDM2M2JjN2M0YzAiOnsiY3JlYXRlIjoxMjAwMDAwMDAwMDAwfX0=",
          "dependencies": [
            "google_bigquery_connection.genai_telemetry_connection",
            "google_project_service.services",
            "google_storage_bucket.logs_data_bucket",
            "time_sleep.wait_for_bq_connection_sa"
          ]
        }
      ]
    },
    {
      "mode": "managed",
      "type": "time_sleep",
      "name": "wait_for_bq_connection_sa",
      "provider": "provider[\"registry.terraform.io/hashicorp/time\"]",
      "instances": [
        {
          "schema_version": 0,
          "attributes": {
            "create_duration": "10s",
            "destroy_duration": null,
            "id": "2026-02-11T01:31:35Z",
            "triggers": null
          },
          "sensitive_attributes": [],
          "dependencies": [
            "google_bigquery_connection.genai_telemetry_connection",
            "google_project_service.services"
          ]
        }
      ]
    },
    {
      "mode": "managed",
      "type": "time_sleep",
      "name": "wait_for_linked_dataset",
      "provider": "provider[\"registry.terraform.io/hashicorp/time\"]",
      "instances": [
        {
          "schema_version": 0,
          "attributes": {
            "create_duration": "10s",
            "destroy_duration": null,
            "id": "2026-02-11T01:33:05Z",
            "triggers": null
          },
          "sensitive_attributes": [],
          "dependencies": [
            "google_logging_linked_dataset.genai_logs_linked_dataset",
            "google_logging_project_bucket_config.genai_telemetry_bucket",
            "google_logging_project_sink.genai_logs_to_bucket",
            "google_project_service.services"
          ]
        }
      ]
    }
  ],
  "check_results": null
}
