{
  "version": 4,
  "terraform_version": "1.5.7",
  "serial": 162,
  "lineage": "4ddcfa30-b0c8-9789-b8ea-31bd3bd26e4a",
  "outputs": {},
  "resources": [
    {
      "mode": "data",
      "type": "github_repository",
      "name": "repo",
      "provider": "provider[\"registry.terraform.io/integrations/github\"]",
      "instances": [
        {
          "schema_version": 0,
          "attributes": {
            "allow_auto_merge": false,
            "allow_merge_commit": false,
            "allow_rebase_merge": false,
            "allow_squash_merge": false,
            "allow_update_branch": false,
            "archived": false,
            "default_branch": "main",
            "delete_branch_on_merge": false,
            "description": "",
            "fork": false,
            "full_name": "stevelockwood/agent-cdci-feb10",
            "git_clone_url": "git://github.com/stevelockwood/agent-cdci-feb10.git",
            "has_discussions": false,
            "has_downloads": true,
            "has_issues": true,
            "has_projects": true,
            "has_wiki": true,
            "homepage_url": "",
            "html_url": "https://github.com/stevelockwood/agent-cdci-feb10",
            "http_clone_url": "https://github.com/stevelockwood/agent-cdci-feb10.git",
            "id": "agent-cdci-feb10",
            "is_template": false,
            "merge_commit_message": "",
            "merge_commit_title": "",
            "name": "agent-cdci-feb10",
            "node_id": "R_kgDORNhIHA",
            "pages": [],
            "primary_language": "",
            "private": false,
            "repo_id": 1155024924,
            "repository_license": [],
            "squash_merge_commit_message": "",
            "squash_merge_commit_title": "",
            "ssh_clone_url": "git@github.com:stevelockwood/agent-cdci-feb10.git",
            "svn_url": "https://github.com/stevelockwood/agent-cdci-feb10",
            "template": [],
            "topics": [],
            "visibility": "public"
          },
          "sensitive_attributes": []
        }
      ]
    },
    {
      "mode": "data",
      "type": "google_project",
      "name": "project",
      "provider": "provider[\"registry.terraform.io/hashicorp/google\"]",
      "instances": [
        {
          "schema_version": 0,
          "attributes": {
            "auto_create_network": null,
            "billing_account": "018768-94F29B-FBE0B6",
            "deletion_policy": "PREVENT",
            "effective_labels": {
              "fleet": "gcpd"
            },
            "folder_id": "9388141951",
            "id": "projects/qwiklabs-gcp-01-54b852701014",
            "labels": {
              "fleet": "gcpd"
            },
            "name": "qwiklabs-gcp-01-54b852701014",
            "number": "793775940077",
            "org_id": "",
            "project_id": "qwiklabs-gcp-01-54b852701014",
            "tags": null,
            "terraform_labels": {
              "fleet": "gcpd"
            }
          },
          "sensitive_attributes": []
        }
      ]
    },
    {
      "mode": "data",
      "type": "google_project",
      "name": "staging_project",
      "provider": "provider[\"registry.terraform.io/hashicorp/google\"]",
      "instances": [
        {
          "schema_version": 0,
          "attributes": {
            "auto_create_network": null,
            "billing_account": "018768-94F29B-FBE0B6",
            "deletion_policy": "PREVENT",
            "effective_labels": {
              "fleet": "gcpd"
            },
            "folder_id": "9388141951",
            "id": "projects/qwiklabs-gcp-01-54b852701014",
            "labels": {
              "fleet": "gcpd"
            },
            "name": "qwiklabs-gcp-01-54b852701014",
            "number": "793775940077",
            "org_id": "",
            "project_id": "qwiklabs-gcp-01-54b852701014",
            "tags": null,
            "terraform_labels": {
              "fleet": "gcpd"
            }
          },
          "sensitive_attributes": []
        }
      ]
    },
    {
      "mode": "managed",
      "type": "google_artifact_registry_repository",
      "name": "repo-artifacts-genai",
      "provider": "provider[\"registry.terraform.io/hashicorp/google\"]",
      "instances": [
        {
          "schema_version": 0,
          "attributes": {
            "cleanup_policies": [],
            "cleanup_policy_dry_run": false,
            "create_time": "2026-02-11T04:05:40.487356Z",
            "description": "Repo for Generative AI applications",
            "docker_config": [],
            "effective_labels": {
              "goog-terraform-provisioned": "true"
            },
            "format": "DOCKER",
            "id": "projects/qwiklabs-gcp-01-54b852701014/locations/us-central1/repositories/lab-agent-repo",
            "kms_key_name": "",
            "labels": null,
            "location": "us-central1",
            "maven_config": [],
            "mode": "STANDARD_REPOSITORY",
            "name": "lab-agent-repo",
            "project": "qwiklabs-gcp-01-54b852701014",
            "registry_uri": "us-central1-docker.pkg.dev/qwiklabs-gcp-01-54b852701014/lab-agent-repo",
            "remote_repository_config": [],
            "repository_id": "lab-agent-repo",
            "terraform_labels": {
              "goog-terraform-provisioned": "true"
            },
            "timeouts": null,
            "update_time": "2026-02-11T04:05:40.487356Z",
            "virtual_repository_config": [],
            "vulnerability_scanning_config": [
              {
                "enablement_config": "",
                "enablement_state": "SCANNING_ACTIVE",
                "enablement_state_reason": ""
              }
            ]
          },
          "sensitive_attributes": [],
          "private": "eyJlMmJmYjczMC1lY2FhLTExZTYtOGY4OC0zNDM2M2JjN2M0YzAiOnsiY3JlYXRlIjoxMjAwMDAwMDAwMDAwLCJkZWxldGUiOjEyMDAwMDAwMDAwMDAsInVwZGF0ZSI6MTIwMDAwMDAwMDAwMH19",
          "dependencies": [
            "google_project_service.services"
          ]
        }
      ]
    },
    {
      "mode": "managed",
      "type": "google_bigquery_connection",
      "name": "genai_telemetry_connection",
      "provider": "provider[\"registry.terraform.io/hashicorp/google\"]",
      "instances": [
        {
          "schema_version": 0,
          "attributes": {
            "aws": [],
            "azure": [],
            "cloud_resource": [
              {
                "service_account_id": "bqcx-793775940077-6fn9@gcp-sa-bigquery-condel.iam.gserviceaccount.com"
              }
            ],
            "cloud_spanner": [],
            "cloud_sql": [],
            "connection_id": "lab-agent-genai-telemetry",
            "description": "",
            "friendly_name": "lab-agent GenAI Telemetry Connection",
            "has_credential": false,
            "id": "projects/qwiklabs-gcp-01-54b852701014/locations/us-central1/connections/lab-agent-genai-telemetry",
            "kms_key_name": "",
            "location": "us-central1",
            "name": "projects/793775940077/locations/us-central1/connections/lab-agent-genai-telemetry",
            "project": "qwiklabs-gcp-01-54b852701014",
            "spark": [],
            "timeouts": null
          },
          "sensitive_attributes": [],
          "private": "eyJlMmJmYjczMC1lY2FhLTExZTYtOGY4OC0zNDM2M2JjN2M0YzAiOnsiY3JlYXRlIjoxMjAwMDAwMDAwMDAwLCJkZWxldGUiOjEyMDAwMDAwMDAwMDAsInVwZGF0ZSI6MTIwMDAwMDAwMDAwMH19",
          "dependencies": [
            "google_project_service.services"
          ]
        }
      ]
    },
    {
      "mode": "managed",
      "type": "google_bigquery_dataset",
      "name": "telemetry_dataset",
      "provider": "provider[\"registry.terraform.io/hashicorp/google\"]",
      "instances": [
        {
          "schema_version": 0,
          "attributes": {
            "access": [
              {
                "condition": [],
                "dataset": [],
                "domain": "",
                "group_by_email": "",
                "iam_member": "",
                "role": "OWNER",
                "routine": [],
                "special_group": "",
                "user_by_email": "student-02-32ad0adf2948@qwiklabs.net",
                "view": []
              },
              {
                "condition": [],
                "dataset": [],
                "domain": "",
                "group_by_email": "",
                "iam_member": "",
                "role": "OWNER",
                "routine": [],
                "special_group": "projectOwners",
                "user_by_email": "",
                "view": []
              },
              {
                "condition": [],
                "dataset": [],
                "domain": "",
                "group_by_email": "",
                "iam_member": "",
                "role": "READER",
                "routine": [],
                "special_group": "projectReaders",
                "user_by_email": "",
                "view": []
              },
              {
                "condition": [],
                "dataset": [],
                "domain": "",
                "group_by_email": "",
                "iam_member": "",
                "role": "WRITER",
                "routine": [],
                "special_group": "projectWriters",
                "user_by_email": "",
                "view": []
              }
            ],
            "creation_time": 1770782256726,
            "dataset_id": "lab_agent_telemetry",
            "default_collation": "",
            "default_encryption_configuration": [],
            "default_partition_expiration_ms": 0,
            "default_table_expiration_ms": 0,
            "delete_contents_on_destroy": false,
            "description": "Dataset for GenAI telemetry data stored in GCS",
            "effective_labels": {
              "goog-terraform-provisioned": "true"
            },
            "etag": "S95QbiySZd/gM49bNbOoGQ==",
            "external_catalog_dataset_options": [],
            "external_dataset_reference": [],
            "friendly_name": "lab-agent Telemetry",
            "id": "projects/qwiklabs-gcp-01-54b852701014/datasets/lab_agent_telemetry",
            "is_case_insensitive": false,
            "labels": {},
            "last_modified_time": 1770782256726,
            "location": "us-central1",
            "max_time_travel_hours": "168",
            "project": "qwiklabs-gcp-01-54b852701014",
            "resource_tags": {},
            "self_link": "https://bigquery.googleapis.com/bigquery/v2/projects/qwiklabs-gcp-01-54b852701014/datasets/lab_agent_telemetry",
            "storage_billing_model": "",
            "terraform_labels": {
              "goog-terraform-provisioned": "true"
            },
            "timeouts": null
          },
          "sensitive_attributes": [],
          "private": "eyJlMmJmYjczMC1lY2FhLTExZTYtOGY4OC0zNDM2M2JjN2M0YzAiOnsiY3JlYXRlIjoxMjAwMDAwMDAwMDAwLCJkZWxldGUiOjEyMDAwMDAwMDAwMDAsInVwZGF0ZSI6MTIwMDAwMDAwMDAwMH19",
          "dependencies": [
            "google_project_service.services"
          ]
        }
      ]
    },
    {
      "mode": "managed",
      "type": "google_bigquery_table",
      "name": "completions_external_table",
      "provider": "provider[\"registry.terraform.io/hashicorp/google\"]",
      "instances": [
        {
          "schema_version": 0,
          "attributes": {
            "biglake_configuration": [],
            "clustering": null,
            "creation_time": 1770782284490,
            "dataset_id": "lab_agent_telemetry",
            "deletion_protection": false,
            "description": "",
            "effective_labels": {
              "goog-terraform-provisioned": "true"
            },
            "encryption_configuration": [],
            "etag": "ynr49s4AfEDmjGfwgdUGWQ==",
            "expiration_time": 0,
            "external_catalog_table_options": [],
            "external_data_configuration": [
              {
                "autodetect": false,
                "avro_options": [],
                "bigtable_options": [],
                "compression": "NONE",
                "connection_id": "793775940077.us-central1.lab-agent-genai-telemetry",
                "csv_options": [],
                "decimal_target_types": [],
                "file_set_spec_type": "",
                "google_sheets_options": [],
                "hive_partitioning_options": [],
                "ignore_unknown_values": true,
                "json_extension": "",
                "json_options": [],
                "max_bad_records": 1000,
                "metadata_cache_mode": "",
                "object_metadata": "",
                "parquet_options": [],
                "reference_file_schema_uri": "",
                "schema": "",
                "source_format": "NEWLINE_DELIMITED_JSON",
                "source_uris": [
                  "gs://qwiklabs-gcp-01-54b852701014-lab-agent-logs/completions/*"
                ]
              }
            ],
            "friendly_name": "",
            "generated_schema_columns": "",
            "id": "projects/qwiklabs-gcp-01-54b852701014/datasets/lab_agent_telemetry/tables/completions",
            "ignore_auto_generated_schema": false,
            "ignore_schema_changes": null,
            "labels": {},
            "last_modified_time": 1770782284846,
            "location": "us-central1",
            "materialized_view": [],
            "max_staleness": "",
            "num_bytes": 0,
            "num_long_term_bytes": 0,
            "num_rows": 0,
            "project": "qwiklabs-gcp-01-54b852701014",
            "range_partitioning": [],
            "require_partition_filter": false,
            "resource_tags": {},
            "schema": "[{\"fields\":[{\"mode\":\"NULLABLE\",\"name\":\"type\",\"type\":\"STRING\"},{\"mode\":\"NULLABLE\",\"name\":\"content\",\"type\":\"STRING\"},{\"mode\":\"NULLABLE\",\"name\":\"mime_type\",\"type\":\"STRING\"},{\"mode\":\"NULLABLE\",\"name\":\"uri\",\"type\":\"STRING\"},{\"mode\":\"NULLABLE\",\"name\":\"data\",\"type\":\"BYTES\"},{\"mode\":\"NULLABLE\",\"name\":\"id\",\"type\":\"STRING\"},{\"mode\":\"NULLABLE\",\"name\":\"name\",\"type\":\"STRING\"},{\"mode\":\"NULLABLE\",\"name\":\"arguments\",\"type\":\"JSON\"},{\"mode\":\"NULLABLE\",\"name\":\"response\",\"type\":\"JSON\"}],\"mode\":\"REPEATED\",\"name\":\"parts\",\"type\":\"RECORD\"},{\"mode\":\"NULLABLE\",\"name\":\"role\",\"type\":\"STRING\"},{\"mode\":\"NULLABLE\",\"name\":\"index\",\"type\":\"INTEGER\"}]",
            "schema_foreign_type_info": [],
            "self_link": "https://bigquery.googleapis.com/bigquery/v2/projects/qwiklabs-gcp-01-54b852701014/datasets/lab_agent_telemetry/tables/completions",
            "table_constraints": [],
            "table_id": "completions",
            "table_metadata_view": null,
            "table_replication_info": [],
            "terraform_labels": {
              "goog-terraform-provisioned": "true"
            },
            "time_partitioning": [],
            "type": "EXTERNAL",
            "view": []
          },
          "sensitive_attributes": [],
          "private": "bnVsbA==",
          "dependencies": [
            "google_bigquery_connection.genai_telemetry_connection",
            "google_bigquery_dataset.telemetry_dataset",
            "google_project_service.services",
            "google_storage_bucket.logs_data_bucket",
            "google_storage_bucket_iam_member.telemetry_connection_access",
            "time_sleep.wait_for_bq_connection_sa"
          ]
        }
      ]
    },
    {
      "mode": "managed",
      "type": "google_bigquery_table",
      "name": "completions_view",
      "provider": "provider[\"registry.terraform.io/hashicorp/google\"]",
      "instances": [
        {
          "schema_version": 0,
          "attributes": {
            "biglake_configuration": [],
            "clustering": null,
            "creation_time": 1770782470176,
            "dataset_id": "lab_agent_telemetry",
            "deletion_protection": false,
            "description": "View of GenAI completion logs joined with the GCS prompt/response external table",
            "effective_labels": {
              "goog-terraform-provisioned": "true"
            },
            "encryption_configuration": [],
            "etag": "9unsE1Khb3vGPADPekzQ5g==",
            "expiration_time": 0,
            "external_catalog_table_options": [],
            "external_data_configuration": [],
            "friendly_name": "",
            "generated_schema_columns": "",
            "id": "projects/qwiklabs-gcp-01-54b852701014/datasets/lab_agent_telemetry/tables/completions_view",
            "ignore_auto_generated_schema": false,
            "ignore_schema_changes": null,
            "labels": {},
            "last_modified_time": 1770782471257,
            "location": "us-central1",
            "materialized_view": [],
            "max_staleness": "",
            "num_bytes": 0,
            "num_long_term_bytes": 0,
            "num_rows": 0,
            "project": "qwiklabs-gcp-01-54b852701014",
            "range_partitioning": [],
            "require_partition_filter": false,
            "resource_tags": {},
            "schema": "[{\"mode\":\"NULLABLE\",\"name\":\"timestamp\",\"type\":\"TIMESTAMP\"},{\"mode\":\"NULLABLE\",\"name\":\"insert_id\",\"type\":\"STRING\"},{\"mode\":\"NULLABLE\",\"name\":\"trace\",\"type\":\"STRING\"},{\"mode\":\"NULLABLE\",\"name\":\"span_id\",\"type\":\"STRING\"},{\"mode\":\"NULLABLE\",\"name\":\"api_call_id\",\"type\":\"STRING\"},{\"mode\":\"NULLABLE\",\"name\":\"message_type\",\"type\":\"STRING\"},{\"mode\":\"NULLABLE\",\"name\":\"role\",\"type\":\"STRING\"},{\"mode\":\"NULLABLE\",\"name\":\"message_idx\",\"type\":\"INTEGER\"},{\"mode\":\"NULLABLE\",\"name\":\"part_idx\",\"type\":\"INTEGER\"},{\"mode\":\"NULLABLE\",\"name\":\"content\",\"type\":\"STRING\"},{\"mode\":\"NULLABLE\",\"name\":\"part_type\",\"type\":\"STRING\"},{\"mode\":\"NULLABLE\",\"name\":\"tool_name\",\"type\":\"STRING\"},{\"mode\":\"NULLABLE\",\"name\":\"tool_args\",\"type\":\"JSON\"},{\"mode\":\"NULLABLE\",\"name\":\"tool_response\",\"type\":\"JSON\"},{\"mode\":\"NULLABLE\",\"name\":\"uri\",\"type\":\"STRING\"},{\"mode\":\"NULLABLE\",\"name\":\"mime_type\",\"type\":\"STRING\"},{\"mode\":\"NULLABLE\",\"name\":\"data_md5_hex\",\"type\":\"STRING\"},{\"mode\":\"NULLABLE\",\"name\":\"labels\",\"type\":\"JSON\"},{\"mode\":\"NULLABLE\",\"name\":\"messages_ref_uri\",\"type\":\"STRING\"}]",
            "schema_foreign_type_info": [],
            "self_link": "https://bigquery.googleapis.com/bigquery/v2/projects/qwiklabs-gcp-01-54b852701014/datasets/lab_agent_telemetry/tables/completions_view",
            "table_constraints": [],
            "table_id": "completions_view",
            "table_metadata_view": null,
            "table_replication_info": [],
            "terraform_labels": {
              "goog-terraform-provisioned": "true"
            },
            "time_partitioning": [],
            "type": "VIEW",
            "view": [
              {
                "query": "-- Optimized join of Cloud Logging data with GCS-stored prompt/response data.\n-- This query extracts both input and output messages referenced in logs.\n-- Note: Input files contain full conversation history, so messages may appear multiple times.\n\n-- Extract message references from Cloud Logging (scan once, extract both input/output)\nWITH log_refs AS (\n  SELECT\n    insert_id,\n    timestamp,\n    labels,\n    trace,\n    span_id,\n    JSON_VALUE(labels, '$.\\\"gen_ai.input.messages_ref\\\"') AS input_ref,\n    JSON_VALUE(labels, '$.\\\"gen_ai.output.messages_ref\\\"') AS output_ref\n  FROM `qwiklabs-gcp-01-54b852701014.lab_agent_genai_telemetry_logs._AllLogs`\n  WHERE JSON_VALUE(labels, '$.\\\"gen_ai.input.messages_ref\\\"') IS NOT NULL\n     OR JSON_VALUE(labels, '$.\\\"gen_ai.output.messages_ref\\\"') IS NOT NULL\n),\n\n-- Unpivot to get one row per message reference\nunpivoted_refs AS (\n  SELECT\n    insert_id,\n    timestamp,\n    labels,\n    trace,\n    span_id,\n    input_ref AS messages_ref_uri,\n    'input' AS message_type\n  FROM log_refs\n  WHERE input_ref IS NOT NULL\n\n  UNION ALL\n\n  SELECT\n    insert_id,\n    timestamp,\n    labels,\n    trace,\n    span_id,\n    output_ref AS messages_ref_uri,\n    'output' AS message_type\n  FROM log_refs\n  WHERE output_ref IS NOT NULL\n),\n\n-- Join with completions external table and extract api_call_id once\njoined_data AS (\n  SELECT\n    lr.insert_id,\n    lr.timestamp,\n    lr.labels,\n    lr.trace,\n    lr.span_id,\n    lr.messages_ref_uri,\n    lr.message_type,\n    SPLIT(REGEXP_EXTRACT(lr.messages_ref_uri, r'/([^/]+)\\.jsonl'), '_')[OFFSET(0)] AS api_call_id,\n    c.role,\n    c.parts,\n    c.index AS message_idx\n  FROM unpivoted_refs lr\n  JOIN `qwiklabs-gcp-01-54b852701014.lab_agent_telemetry.completions` c\n    ON lr.messages_ref_uri = c._FILE_NAME\n),\n\n-- Flatten the parts array\nflattened AS (\n  SELECT\n    insert_id,\n    timestamp,\n    labels,\n    trace,\n    span_id,\n    messages_ref_uri,\n    message_type,\n    api_call_id,\n    role,\n    message_idx,\n    part_idx,\n    part.type AS part_type,\n    part.content,\n    part.uri,\n    part.mime_type,\n    TO_HEX(MD5(part.data)) AS data_md5_hex,\n    part.id AS tool_id,\n    part.name AS tool_name,\n    part.arguments AS tool_args,\n    part.response AS tool_response\n  FROM joined_data\n  CROSS JOIN UNNEST(parts) AS part WITH OFFSET AS part_idx\n),\n\n-- Deduplicate by trace: keep only the latest log entry per trace\n-- (Tool calls create multiple log entries with same trace but different timestamps)\ndeduplicated AS (\n  SELECT\n    *,\n    ROW_NUMBER() OVER (\n      PARTITION BY trace, message_type, role, message_idx, part_idx\n      ORDER BY timestamp DESC\n    ) AS row_num\n  FROM flattened\n)\n\nSELECT\n  -- Core identifiers and timestamps\n  timestamp,\n  insert_id,\n  trace,\n  span_id,\n  api_call_id,\n\n  -- Message metadata\n  message_type,\n  role,\n  message_idx,\n  part_idx,\n\n  -- Message content\n  content,\n\n  -- Tool/function calling\n  part_type,\n  tool_name,\n  tool_args,\n  tool_response,\n\n  -- Additional metadata\n  uri,\n  mime_type,\n  data_md5_hex,\n\n  -- Raw fields\n  labels,\n  messages_ref_uri\nFROM deduplicated\nWHERE row_num = 1  -- Keep only the latest entry per trace/message/part\nORDER BY trace ASC, message_type ASC, message_idx ASC, part_idx ASC\n",
                "use_legacy_sql": false
              }
            ]
          },
          "sensitive_attributes": [],
          "private": "bnVsbA==",
          "dependencies": [
            "google_bigquery_connection.genai_telemetry_connection",
            "google_bigquery_dataset.telemetry_dataset",
            "google_bigquery_table.completions_external_table",
            "google_logging_linked_dataset.genai_logs_linked_dataset",
            "google_logging_project_bucket_config.genai_telemetry_bucket",
            "google_logging_project_sink.genai_logs_to_bucket",
            "google_project_service.services",
            "google_storage_bucket.logs_data_bucket",
            "google_storage_bucket_iam_member.telemetry_connection_access",
            "time_sleep.wait_for_bq_connection_sa",
            "time_sleep.wait_for_linked_dataset"
          ]
        }
      ]
    },
    {
      "mode": "managed",
      "type": "google_cloud_run_v2_service",
      "name": "app",
      "provider": "provider[\"registry.terraform.io/hashicorp/google\"]",
      "instances": [
        {
          "schema_version": 0,
          "attributes": {
            "annotations": null,
            "binary_authorization": [],
            "build_config": [],
            "client": "",
            "client_version": "",
            "conditions": [
              {
                "execution_reason": "",
                "last_transition_time": "2026-02-11T04:05:48.950780Z",
                "message": "",
                "reason": "",
                "revision_reason": "",
                "severity": "",
                "state": "CONDITION_SUCCEEDED",
                "type": "RoutesReady"
              },
              {
                "execution_reason": "",
                "last_transition_time": "2026-02-11T04:05:42.184340Z",
                "message": "",
                "reason": "",
                "revision_reason": "",
                "severity": "",
                "state": "CONDITION_SUCCEEDED",
                "type": "ConfigurationsReady"
              }
            ],
            "create_time": "2026-02-11T04:05:40.042489Z",
            "creator": "student-02-32ad0adf2948@qwiklabs.net",
            "custom_audiences": null,
            "default_uri_disabled": false,
            "delete_time": "",
            "deletion_protection": false,
            "description": "",
            "effective_annotations": {},
            "effective_labels": {
              "created-by": "adk",
              "goog-terraform-provisioned": "true"
            },
            "etag": "\"CJSAsMwGEKipoRQ/cHJvamVjdHMvcXdpa2xhYnMtZ2NwLTAxLTU0Yjg1MjcwMTAxNC9sb2NhdGlvbnMvdXMtY2VudHJhbDEvc2VydmljZXMvbGFiLWFnZW50\"",
            "expire_time": "",
            "generation": "1",
            "id": "projects/qwiklabs-gcp-01-54b852701014/locations/us-central1/services/lab-agent",
            "ingress": "INGRESS_TRAFFIC_ALL",
            "invoker_iam_disabled": false,
            "labels": {
              "created-by": "adk"
            },
            "last_modifier": "student-02-32ad0adf2948@qwiklabs.net",
            "latest_created_revision": "projects/qwiklabs-gcp-01-54b852701014/locations/us-central1/services/lab-agent/revisions/lab-agent-00001-fgk",
            "latest_ready_revision": "projects/qwiklabs-gcp-01-54b852701014/locations/us-central1/services/lab-agent/revisions/lab-agent-00001-fgk",
            "launch_stage": "GA",
            "location": "us-central1",
            "multi_region_settings": [],
            "name": "lab-agent",
            "observed_generation": "1",
            "project": "qwiklabs-gcp-01-54b852701014",
            "reconciling": false,
            "scaling": [
              {
                "manual_instance_count": 0,
                "max_instance_count": 5,
                "min_instance_count": 0,
                "scaling_mode": ""
              }
            ],
            "template": [
              {
                "annotations": null,
                "containers": [
                  {
                    "args": null,
                    "base_image_uri": "",
                    "build_info": [],
                    "command": null,
                    "depends_on": null,
                    "env": [
                      {
                        "name": "LOGS_BUCKET_NAME",
                        "value": "qwiklabs-gcp-01-54b852701014-lab-agent-logs",
                        "value_source": []
                      },
                      {
                        "name": "OTEL_INSTRUMENTATION_GENAI_CAPTURE_MESSAGE_CONTENT",
                        "value": "NO_CONTENT",
                        "value_source": []
                      }
                    ],
                    "image": "us-docker.pkg.dev/cloudrun/container/hello",
                    "liveness_probe": [],
                    "name": "",
                    "ports": [
                      {
                        "container_port": 8080,
                        "name": "http1"
                      }
                    ],
                    "resources": [
                      {
                        "cpu_idle": false,
                        "limits": {
                          "cpu": "1",
                          "memory": "1Gi"
                        },
                        "startup_cpu_boost": false
                      }
                    ],
                    "startup_probe": [
                      {
                        "failure_threshold": 1,
                        "grpc": [],
                        "http_get": [],
                        "initial_delay_seconds": 0,
                        "period_seconds": 240,
                        "tcp_socket": [
                          {
                            "port": 8080
                          }
                        ],
                        "timeout_seconds": 240
                      }
                    ],
                    "volume_mounts": [],
                    "working_dir": ""
                  }
                ],
                "encryption_key": "",
                "execution_environment": "",
                "gpu_zonal_redundancy_disabled": false,
                "health_check_disabled": false,
                "labels": null,
                "max_instance_request_concurrency": 40,
                "node_selector": [],
                "revision": "",
                "scaling": [
                  {
                    "max_instance_count": 5,
                    "min_instance_count": 1
                  }
                ],
                "service_account": "lab-agent-app@qwiklabs-gcp-01-54b852701014.iam.gserviceaccount.com",
                "session_affinity": true,
                "timeout": "300s",
                "volumes": [],
                "vpc_access": []
              }
            ],
            "terminal_condition": [
              {
                "execution_reason": "",
                "last_transition_time": "2026-02-11T04:05:49.189527Z",
                "message": "",
                "reason": "",
                "revision_reason": "",
                "severity": "",
                "state": "CONDITION_SUCCEEDED",
                "type": "Ready"
              }
            ],
            "terraform_labels": {
              "created-by": "adk",
              "goog-terraform-provisioned": "true"
            },
            "timeouts": null,
            "traffic": [
              {
                "percent": 100,
                "revision": "",
                "tag": "",
                "type": "TRAFFIC_TARGET_ALLOCATION_TYPE_LATEST"
              }
            ],
            "traffic_statuses": [
              {
                "percent": 100,
                "revision": "",
                "tag": "",
                "type": "TRAFFIC_TARGET_ALLOCATION_TYPE_LATEST",
                "uri": ""
              }
            ],
            "uid": "d43bc581-01a6-4027-8097-9a5e996f9a2c",
            "update_time": "2026-02-11T04:05:40.042489Z",
            "uri": "https://lab-agent-prxrbermzq-uc.a.run.app",
            "urls": [
              "https://lab-agent-793775940077.us-central1.run.app",
              "https://lab-agent-prxrbermzq-uc.a.run.app"
            ]
          },
          "sensitive_attributes": [],
          "private": "eyJlMmJmYjczMC1lY2FhLTExZTYtOGY4OC0zNDM2M2JjN2M0YzAiOnsiY3JlYXRlIjoxMjAwMDAwMDAwMDAwLCJkZWxldGUiOjEyMDAwMDAwMDAwMDAsInVwZGF0ZSI6MTIwMDAwMDAwMDAwMH19",
          "dependencies": [
            "google_project_service.services",
            "google_service_account.app_sa",
            "google_storage_bucket.logs_data_bucket"
          ]
        }
      ]
    },
    {
      "mode": "managed",
      "type": "google_cloudbuild_trigger",
      "name": "staging_deployment",
      "provider": "provider[\"registry.terraform.io/hashicorp/google\"]",
      "instances": [
        {
          "schema_version": 2,
          "attributes": {
            "approval_config": [
              {
                "approval_required": false
              }
            ],
            "bitbucket_server_trigger_config": [],
            "build": [],
            "create_time": "2026-02-11T03:57:55.375203994Z",
            "description": "Trigger for staging deployment on push to repository",
            "developer_connect_event_config": [],
            "disabled": false,
            "filename": ".cloudbuild/staging.yaml",
            "filter": "",
            "git_file_source": [],
            "github": [],
            "id": "projects/qwiklabs-gcp-01-54b852701014/locations/us-central1/triggers/07a112c1-8e16-40d2-a6b8-b6ea538fd579",
            "ignored_files": [],
            "include_build_logs": "INCLUDE_BUILD_LOGS_WITH_STATUS",
            "included_files": [
              "app/**",
              "data_ingestion/**",
              "tests/**",
              "deployment/**",
              "uv.lock"
            ],
            "location": "us-central1",
            "name": "deploy-lab-agent-staging",
            "project": "qwiklabs-gcp-01-54b852701014",
            "pubsub_config": [],
            "repository_event_config": [
              {
                "pull_request": [],
                "push": [
                  {
                    "branch": ".*",
                    "invert_regex": false,
                    "tag": ""
                  }
                ],
                "repository": "projects/qwiklabs-gcp-01-54b852701014/locations/us-central1/connections/test-cicd-lab/repositories/agent-cdci-feb10"
              }
            ],
            "service_account": "projects/qwiklabs-gcp-01-54b852701014/serviceAccounts/lab-agent-cb@qwiklabs-gcp-01-54b852701014.iam.gserviceaccount.com",
            "source_to_build": [],
            "substitutions": {
              "_APP_SERVICE_ACCOUNT": "lab-agent-app@qwiklabs-gcp-01-54b852701014.iam.gserviceaccount.com",
              "_ARTIFACT_REGISTRY_REPO_NAME": "lab-agent-repo",
              "_CONTAINER_NAME": "lab-agent",
              "_LOGS_BUCKET_NAME": "qwiklabs-gcp-01-54b852701014-lab-agent-logs",
              "_PROJECT_ID": "qwiklabs-gcp-01-54b852701014",
              "_REGION": "us-central1"
            },
            "tags": [],
            "timeouts": null,
            "trigger_id": "07a112c1-8e16-40d2-a6b8-b6ea538fd579",
            "trigger_template": [],
            "webhook_config": []
          },
          "sensitive_attributes": [],
          "private": "eyJlMmJmYjczMC1lY2FhLTExZTYtOGY4OC0zNDM2M2JjN2M0YzAiOnsiY3JlYXRlIjoxMjAwMDAwMDAwMDAwLCJkZWxldGUiOjEyMDAwMDAwMDAwMDAsInVwZGF0ZSI6MTIwMDAwMDAwMDAwMH0sInNjaGVtYV92ZXJzaW9uIjoiMiJ9",
          "dependencies": [
            "data.github_repository.repo",
            "google_artifact_registry_repository.repo-artifacts-genai",
            "google_cloudbuildv2_repository.repo",
            "google_project_service.services",
            "google_service_account.app_sa",
            "google_service_account.cicd_runner_sa",
            "google_storage_bucket.logs_data_bucket"
          ]
        }
      ]
    },
    {
      "mode": "managed",
      "type": "google_cloudbuildv2_repository",
      "name": "repo",
      "provider": "provider[\"registry.terraform.io/hashicorp/google\"]",
      "instances": [
        {
          "schema_version": 0,
          "attributes": {
            "annotations": {},
            "create_time": "2026-02-11T03:57:31.647397330Z",
            "effective_annotations": {},
            "etag": "lGU10P4MXmLX7wkQcJaXGcW36YKW4KQwy254rIfSU0g",
            "id": "projects/qwiklabs-gcp-01-54b852701014/locations/us-central1/connections/test-cicd-lab/repositories/agent-cdci-feb10",
            "location": "us-central1",
            "name": "agent-cdci-feb10",
            "parent_connection": "projects/qwiklabs-gcp-01-54b852701014/locations/us-central1/connections/test-cicd-lab",
            "project": "qwiklabs-gcp-01-54b852701014",
            "remote_uri": "https://github.com/stevelockwood/agent-cdci-feb10.git",
            "timeouts": null,
            "update_time": "2026-02-11T03:57:32.364279767Z"
          },
          "sensitive_attributes": [],
          "private": "eyJlMmJmYjczMC1lY2FhLTExZTYtOGY4OC0zNDM2M2JjN2M0YzAiOnsiY3JlYXRlIjoxMjAwMDAwMDAwMDAwLCJkZWxldGUiOjEyMDAwMDAwMDAwMDB9fQ==",
          "dependencies": [
            "data.github_repository.repo",
            "google_project_service.services"
          ]
        }
      ]
    },
    {
      "mode": "managed",
      "type": "google_logging_linked_dataset",
      "name": "genai_logs_linked_dataset",
      "provider": "provider[\"registry.terraform.io/hashicorp/google\"]",
      "instances": [
        {
          "schema_version": 0,
          "attributes": {
            "bigquery_dataset": [
              {
                "dataset_id": "bigquery.googleapis.com/projects/qwiklabs-gcp-01-54b852701014/datasets/lab_agent_genai_telemetry_logs"
              }
            ],
            "bucket": "lab-agent-genai-telemetry",
            "create_time": "2026-02-11T03:59:23.917886209Z",
            "description": "Linked dataset for lab-agent GenAI telemetry Cloud Logging bucket",
            "id": "projects/qwiklabs-gcp-01-54b852701014/locations/us-central1/buckets/lab-agent-genai-telemetry/links/lab_agent_genai_telemetry_logs",
            "lifecycle_state": "ACTIVE",
            "link_id": "lab_agent_genai_telemetry_logs",
            "location": "us-central1",
            "name": "projects/qwiklabs-gcp-01-54b852701014/locations/us-central1/buckets/lab-agent-genai-telemetry/links/lab_agent_genai_telemetry_logs",
            "parent": "projects/qwiklabs-gcp-01-54b852701014",
            "timeouts": null
          },
          "sensitive_attributes": [],
          "private": "eyJlMmJmYjczMC1lY2FhLTExZTYtOGY4OC0zNDM2M2JjN2M0YzAiOnsiY3JlYXRlIjoxMjAwMDAwMDAwMDAwLCJkZWxldGUiOjEyMDAwMDAwMDAwMDB9fQ==",
          "dependencies": [
            "google_logging_project_bucket_config.genai_telemetry_bucket",
            "google_logging_project_sink.genai_logs_to_bucket",
            "google_project_service.services"
          ]
        }
      ]
    },
    {
      "mode": "managed",
      "type": "google_logging_project_bucket_config",
      "name": "genai_telemetry_bucket",
      "provider": "provider[\"registry.terraform.io/hashicorp/google\"]",
      "instances": [
        {
          "schema_version": 0,
          "attributes": {
            "bucket_id": "lab-agent-genai-telemetry",
            "cmek_settings": [],
            "description": "Dedicated Cloud Logging bucket for lab-agent GenAI telemetry with 10 year retention",
            "enable_analytics": true,
            "id": "projects/qwiklabs-gcp-01-54b852701014/locations/us-central1/buckets/lab-agent-genai-telemetry",
            "index_configs": [],
            "lifecycle_state": "ACTIVE",
            "location": "us-central1",
            "locked": false,
            "name": "projects/qwiklabs-gcp-01-54b852701014/locations/us-central1/buckets/lab-agent-genai-telemetry",
            "project": "qwiklabs-gcp-01-54b852701014",
            "retention_days": 3650
          },
          "sensitive_attributes": [],
          "private": "bnVsbA==",
          "dependencies": [
            "google_project_service.services"
          ]
        }
      ]
    },
    {
      "mode": "managed",
      "type": "google_logging_project_sink",
      "name": "feedback_logs_to_bucket",
      "provider": "provider[\"registry.terraform.io/hashicorp/google\"]",
      "instances": [
        {
          "schema_version": 0,
          "attributes": {
            "bigquery_options": [],
            "custom_writer_identity": null,
            "description": "",
            "destination": "logging.googleapis.com/projects/qwiklabs-gcp-01-54b852701014/locations/us-central1/buckets/lab-agent-genai-telemetry",
            "disabled": false,
            "exclusions": [],
            "filter": "jsonPayload.log_type=\"feedback\" jsonPayload.service_name=\"lab-agent\"",
            "id": "projects/qwiklabs-gcp-01-54b852701014/sinks/lab-agent-feedback",
            "name": "lab-agent-feedback",
            "project": "qwiklabs-gcp-01-54b852701014",
            "unique_writer_identity": true,
            "writer_identity": ""
          },
          "sensitive_attributes": [],
          "private": "bnVsbA==",
          "dependencies": [
            "google_logging_project_bucket_config.genai_telemetry_bucket",
            "google_project_service.services"
          ]
        }
      ]
    },
    {
      "mode": "managed",
      "type": "google_logging_project_sink",
      "name": "genai_logs_to_bucket",
      "provider": "provider[\"registry.terraform.io/hashicorp/google\"]",
      "instances": [
        {
          "schema_version": 0,
          "attributes": {
            "bigquery_options": [],
            "custom_writer_identity": null,
            "description": "",
            "destination": "logging.googleapis.com/projects/qwiklabs-gcp-01-54b852701014/locations/us-central1/buckets/lab-agent-genai-telemetry",
            "disabled": false,
            "exclusions": [],
            "filter": "log_name=\"projects/qwiklabs-gcp-01-54b852701014/logs/gen_ai.client.inference.operation.details\" AND (labels.\"gen_ai.input.messages_ref\" =~ \".*lab-agent.*\" OR labels.\"gen_ai.output.messages_ref\" =~ \".*lab-agent.*\")",
            "id": "projects/qwiklabs-gcp-01-54b852701014/sinks/lab-agent-genai-logs",
            "name": "lab-agent-genai-logs",
            "project": "qwiklabs-gcp-01-54b852701014",
            "unique_writer_identity": true,
            "writer_identity": ""
          },
          "sensitive_attributes": [],
          "private": "bnVsbA==",
          "dependencies": [
            "google_logging_project_bucket_config.genai_telemetry_bucket",
            "google_project_service.services"
          ]
        }
      ]
    },
    {
      "mode": "managed",
      "type": "google_project_iam_member",
      "name": "app_sa_roles",
      "provider": "provider[\"registry.terraform.io/hashicorp/google\"]",
      "instances": [
        {
          "index_key": "roles/aiplatform.user",
          "schema_version": 0,
          "attributes": {
            "condition": [],
            "etag": "BwZKhGYMo0o=",
            "id": "qwiklabs-gcp-01-54b852701014/roles/aiplatform.user/serviceAccount:lab-agent-app@qwiklabs-gcp-01-54b852701014.iam.gserviceaccount.com",
            "member": "serviceAccount:lab-agent-app@qwiklabs-gcp-01-54b852701014.iam.gserviceaccount.com",
            "project": "qwiklabs-gcp-01-54b852701014",
            "role": "roles/aiplatform.user"
          },
          "sensitive_attributes": [],
          "private": "bnVsbA==",
          "dependencies": [
            "google_project_service.services",
            "google_service_account.app_sa"
          ]
        },
        {
          "index_key": "roles/cloudtrace.agent",
          "schema_version": 0,
          "attributes": {
            "condition": [],
            "etag": "BwZKhGYMo0o=",
            "id": "qwiklabs-gcp-01-54b852701014/roles/cloudtrace.agent/serviceAccount:lab-agent-app@qwiklabs-gcp-01-54b852701014.iam.gserviceaccount.com",
            "member": "serviceAccount:lab-agent-app@qwiklabs-gcp-01-54b852701014.iam.gserviceaccount.com",
            "project": "qwiklabs-gcp-01-54b852701014",
            "role": "roles/cloudtrace.agent"
          },
          "sensitive_attributes": [],
          "private": "bnVsbA==",
          "dependencies": [
            "google_project_service.services",
            "google_service_account.app_sa"
          ]
        },
        {
          "index_key": "roles/discoveryengine.editor",
          "schema_version": 0,
          "attributes": {
            "condition": [],
            "etag": "BwZKhGYMo0o=",
            "id": "qwiklabs-gcp-01-54b852701014/roles/discoveryengine.editor/serviceAccount:lab-agent-app@qwiklabs-gcp-01-54b852701014.iam.gserviceaccount.com",
            "member": "serviceAccount:lab-agent-app@qwiklabs-gcp-01-54b852701014.iam.gserviceaccount.com",
            "project": "qwiklabs-gcp-01-54b852701014",
            "role": "roles/discoveryengine.editor"
          },
          "sensitive_attributes": [],
          "private": "bnVsbA==",
          "dependencies": [
            "google_project_service.services",
            "google_service_account.app_sa"
          ]
        },
        {
          "index_key": "roles/logging.logWriter",
          "schema_version": 0,
          "attributes": {
            "condition": [],
            "etag": "BwZKhGYMo0o=",
            "id": "qwiklabs-gcp-01-54b852701014/roles/logging.logWriter/serviceAccount:lab-agent-app@qwiklabs-gcp-01-54b852701014.iam.gserviceaccount.com",
            "member": "serviceAccount:lab-agent-app@qwiklabs-gcp-01-54b852701014.iam.gserviceaccount.com",
            "project": "qwiklabs-gcp-01-54b852701014",
            "role": "roles/logging.logWriter"
          },
          "sensitive_attributes": [],
          "private": "bnVsbA==",
          "dependencies": [
            "google_project_service.services",
            "google_service_account.app_sa"
          ]
        },
        {
          "index_key": "roles/serviceusage.serviceUsageConsumer",
          "schema_version": 0,
          "attributes": {
            "condition": [],
            "etag": "BwZKhGYMo0o=",
            "id": "qwiklabs-gcp-01-54b852701014/roles/serviceusage.serviceUsageConsumer/serviceAccount:lab-agent-app@qwiklabs-gcp-01-54b852701014.iam.gserviceaccount.com",
            "member": "serviceAccount:lab-agent-app@qwiklabs-gcp-01-54b852701014.iam.gserviceaccount.com",
            "project": "qwiklabs-gcp-01-54b852701014",
            "role": "roles/serviceusage.serviceUsageConsumer"
          },
          "sensitive_attributes": [],
          "private": "bnVsbA==",
          "dependencies": [
            "google_project_service.services",
            "google_service_account.app_sa"
          ]
        },
        {
          "index_key": "roles/storage.admin",
          "schema_version": 0,
          "attributes": {
            "condition": [],
            "etag": "BwZKhGYMo0o=",
            "id": "qwiklabs-gcp-01-54b852701014/roles/storage.admin/serviceAccount:lab-agent-app@qwiklabs-gcp-01-54b852701014.iam.gserviceaccount.com",
            "member": "serviceAccount:lab-agent-app@qwiklabs-gcp-01-54b852701014.iam.gserviceaccount.com",
            "project": "qwiklabs-gcp-01-54b852701014",
            "role": "roles/storage.admin"
          },
          "sensitive_attributes": [],
          "private": "bnVsbA==",
          "dependencies": [
            "google_project_service.services",
            "google_service_account.app_sa"
          ]
        }
      ]
    },
    {
      "mode": "managed",
      "type": "google_project_iam_member",
      "name": "cicd_project_roles",
      "provider": "provider[\"registry.terraform.io/hashicorp/google\"]",
      "instances": [
        {
          "index_key": "roles/aiplatform.user",
          "schema_version": 0,
          "attributes": {
            "condition": [],
            "etag": "BwZKhGYMo0o=",
            "id": "qwiklabs-gcp-01-54b852701014/roles/aiplatform.user/serviceAccount:lab-agent-cb@qwiklabs-gcp-01-54b852701014.iam.gserviceaccount.com",
            "member": "serviceAccount:lab-agent-cb@qwiklabs-gcp-01-54b852701014.iam.gserviceaccount.com",
            "project": "qwiklabs-gcp-01-54b852701014",
            "role": "roles/aiplatform.user"
          },
          "sensitive_attributes": [],
          "private": "bnVsbA==",
          "dependencies": [
            "google_project_service.services",
            "google_service_account.cicd_runner_sa"
          ]
        },
        {
          "index_key": "roles/artifactregistry.writer",
          "schema_version": 0,
          "attributes": {
            "condition": [],
            "etag": "BwZKhGYMo0o=",
            "id": "qwiklabs-gcp-01-54b852701014/roles/artifactregistry.writer/serviceAccount:lab-agent-cb@qwiklabs-gcp-01-54b852701014.iam.gserviceaccount.com",
            "member": "serviceAccount:lab-agent-cb@qwiklabs-gcp-01-54b852701014.iam.gserviceaccount.com",
            "project": "qwiklabs-gcp-01-54b852701014",
            "role": "roles/artifactregistry.writer"
          },
          "sensitive_attributes": [],
          "private": "bnVsbA==",
          "dependencies": [
            "google_project_service.services",
            "google_service_account.cicd_runner_sa"
          ]
        },
        {
          "index_key": "roles/cloudbuild.builds.builder",
          "schema_version": 0,
          "attributes": {
            "condition": [],
            "etag": "BwZKhGYMo0o=",
            "id": "qwiklabs-gcp-01-54b852701014/roles/cloudbuild.builds.builder/serviceAccount:lab-agent-cb@qwiklabs-gcp-01-54b852701014.iam.gserviceaccount.com",
            "member": "serviceAccount:lab-agent-cb@qwiklabs-gcp-01-54b852701014.iam.gserviceaccount.com",
            "project": "qwiklabs-gcp-01-54b852701014",
            "role": "roles/cloudbuild.builds.builder"
          },
          "sensitive_attributes": [],
          "private": "bnVsbA==",
          "dependencies": [
            "google_project_service.services",
            "google_service_account.cicd_runner_sa"
          ]
        },
        {
          "index_key": "roles/cloudtrace.agent",
          "schema_version": 0,
          "attributes": {
            "condition": [],
            "etag": "BwZKhGYMo0o=",
            "id": "qwiklabs-gcp-01-54b852701014/roles/cloudtrace.agent/serviceAccount:lab-agent-cb@qwiklabs-gcp-01-54b852701014.iam.gserviceaccount.com",
            "member": "serviceAccount:lab-agent-cb@qwiklabs-gcp-01-54b852701014.iam.gserviceaccount.com",
            "project": "qwiklabs-gcp-01-54b852701014",
            "role": "roles/cloudtrace.agent"
          },
          "sensitive_attributes": [],
          "private": "bnVsbA==",
          "dependencies": [
            "google_project_service.services",
            "google_service_account.cicd_runner_sa"
          ]
        },
        {
          "index_key": "roles/discoveryengine.editor",
          "schema_version": 0,
          "attributes": {
            "condition": [],
            "etag": "BwZKhGYMo0o=",
            "id": "qwiklabs-gcp-01-54b852701014/roles/discoveryengine.editor/serviceAccount:lab-agent-cb@qwiklabs-gcp-01-54b852701014.iam.gserviceaccount.com",
            "member": "serviceAccount:lab-agent-cb@qwiklabs-gcp-01-54b852701014.iam.gserviceaccount.com",
            "project": "qwiklabs-gcp-01-54b852701014",
            "role": "roles/discoveryengine.editor"
          },
          "sensitive_attributes": [],
          "private": "bnVsbA==",
          "dependencies": [
            "google_project_service.services",
            "google_service_account.cicd_runner_sa"
          ]
        },
        {
          "index_key": "roles/iam.serviceAccountUser",
          "schema_version": 0,
          "attributes": {
            "condition": [],
            "etag": "BwZKhGYMo0o=",
            "id": "qwiklabs-gcp-01-54b852701014/roles/iam.serviceAccountUser/serviceAccount:lab-agent-cb@qwiklabs-gcp-01-54b852701014.iam.gserviceaccount.com",
            "member": "serviceAccount:lab-agent-cb@qwiklabs-gcp-01-54b852701014.iam.gserviceaccount.com",
            "project": "qwiklabs-gcp-01-54b852701014",
            "role": "roles/iam.serviceAccountUser"
          },
          "sensitive_attributes": [],
          "private": "bnVsbA==",
          "dependencies": [
            "google_project_service.services",
            "google_service_account.cicd_runner_sa"
          ]
        },
        {
          "index_key": "roles/logging.logWriter",
          "schema_version": 0,
          "attributes": {
            "condition": [],
            "etag": "BwZKhGYMo0o=",
            "id": "qwiklabs-gcp-01-54b852701014/roles/logging.logWriter/serviceAccount:lab-agent-cb@qwiklabs-gcp-01-54b852701014.iam.gserviceaccount.com",
            "member": "serviceAccount:lab-agent-cb@qwiklabs-gcp-01-54b852701014.iam.gserviceaccount.com",
            "project": "qwiklabs-gcp-01-54b852701014",
            "role": "roles/logging.logWriter"
          },
          "sensitive_attributes": [],
          "private": "bnVsbA==",
          "dependencies": [
            "google_project_service.services",
            "google_service_account.cicd_runner_sa"
          ]
        },
        {
          "index_key": "roles/run.developer",
          "schema_version": 0,
          "attributes": {
            "condition": [],
            "etag": "BwZKhGYMo0o=",
            "id": "qwiklabs-gcp-01-54b852701014/roles/run.developer/serviceAccount:lab-agent-cb@qwiklabs-gcp-01-54b852701014.iam.gserviceaccount.com",
            "member": "serviceAccount:lab-agent-cb@qwiklabs-gcp-01-54b852701014.iam.gserviceaccount.com",
            "project": "qwiklabs-gcp-01-54b852701014",
            "role": "roles/run.developer"
          },
          "sensitive_attributes": [],
          "private": "bnVsbA==",
          "dependencies": [
            "google_project_service.services",
            "google_service_account.cicd_runner_sa"
          ]
        },
        {
          "index_key": "roles/run.invoker",
          "schema_version": 0,
          "attributes": {
            "condition": [],
            "etag": "BwZKhGYMo0o=",
            "id": "qwiklabs-gcp-01-54b852701014/roles/run.invoker/serviceAccount:lab-agent-cb@qwiklabs-gcp-01-54b852701014.iam.gserviceaccount.com",
            "member": "serviceAccount:lab-agent-cb@qwiklabs-gcp-01-54b852701014.iam.gserviceaccount.com",
            "project": "qwiklabs-gcp-01-54b852701014",
            "role": "roles/run.invoker"
          },
          "sensitive_attributes": [],
          "private": "bnVsbA==",
          "dependencies": [
            "google_project_service.services",
            "google_service_account.cicd_runner_sa"
          ]
        },
        {
          "index_key": "roles/storage.admin",
          "schema_version": 0,
          "attributes": {
            "condition": [],
            "etag": "BwZKhGYMo0o=",
            "id": "qwiklabs-gcp-01-54b852701014/roles/storage.admin/serviceAccount:lab-agent-cb@qwiklabs-gcp-01-54b852701014.iam.gserviceaccount.com",
            "member": "serviceAccount:lab-agent-cb@qwiklabs-gcp-01-54b852701014.iam.gserviceaccount.com",
            "project": "qwiklabs-gcp-01-54b852701014",
            "role": "roles/storage.admin"
          },
          "sensitive_attributes": [],
          "private": "bnVsbA==",
          "dependencies": [
            "google_project_service.services",
            "google_service_account.cicd_runner_sa"
          ]
        }
      ]
    },
    {
      "mode": "managed",
      "type": "google_project_iam_member",
      "name": "run_artifact_registry_reader",
      "provider": "provider[\"registry.terraform.io/hashicorp/google\"]",
      "instances": [
        {
          "schema_version": 0,
          "attributes": {
            "condition": [],
            "etag": "BwZKhGYMo0o=",
            "id": "qwiklabs-gcp-01-54b852701014/roles/artifactregistry.reader/serviceAccount:service-793775940077@serverless-robot-prod.iam.gserviceaccount.com",
            "member": "serviceAccount:service-793775940077@serverless-robot-prod.iam.gserviceaccount.com",
            "project": "qwiklabs-gcp-01-54b852701014",
            "role": "roles/artifactregistry.reader"
          },
          "sensitive_attributes": [],
          "private": "bnVsbA==",
          "dependencies": [
            "data.google_project.project",
            "google_project_service.services"
          ]
        }
      ]
    },
    {
      "mode": "managed",
      "type": "google_project_service",
      "name": "services",
      "provider": "provider[\"registry.terraform.io/hashicorp/google\"]",
      "instances": [
        {
          "index_key": 0,
          "schema_version": 0,
          "attributes": {
            "disable_dependent_services": null,
            "disable_on_destroy": false,
            "id": "qwiklabs-gcp-01-54b852701014/cloudbuild.googleapis.com",
            "project": "qwiklabs-gcp-01-54b852701014",
            "service": "cloudbuild.googleapis.com",
            "timeouts": null
          },
          "sensitive_attributes": [],
          "private": "eyJlMmJmYjczMC1lY2FhLTExZTYtOGY4OC0zNDM2M2JjN2M0YzAiOnsiY3JlYXRlIjoxMjAwMDAwMDAwMDAwLCJkZWxldGUiOjEyMDAwMDAwMDAwMDAsInJlYWQiOjYwMDAwMDAwMDAwMCwidXBkYXRlIjoxMjAwMDAwMDAwMDAwfX0="
        },
        {
          "index_key": 1,
          "schema_version": 0,
          "attributes": {
            "disable_dependent_services": null,
            "disable_on_destroy": false,
            "id": "qwiklabs-gcp-01-54b852701014/discoveryengine.googleapis.com",
            "project": "qwiklabs-gcp-01-54b852701014",
            "service": "discoveryengine.googleapis.com",
            "timeouts": null
          },
          "sensitive_attributes": [],
          "private": "eyJlMmJmYjczMC1lY2FhLTExZTYtOGY4OC0zNDM2M2JjN2M0YzAiOnsiY3JlYXRlIjoxMjAwMDAwMDAwMDAwLCJkZWxldGUiOjEyMDAwMDAwMDAwMDAsInJlYWQiOjYwMDAwMDAwMDAwMCwidXBkYXRlIjoxMjAwMDAwMDAwMDAwfX0="
        },
        {
          "index_key": 2,
          "schema_version": 0,
          "attributes": {
            "disable_dependent_services": null,
            "disable_on_destroy": false,
            "id": "qwiklabs-gcp-01-54b852701014/aiplatform.googleapis.com",
            "project": "qwiklabs-gcp-01-54b852701014",
            "service": "aiplatform.googleapis.com",
            "timeouts": null
          },
          "sensitive_attributes": [],
          "private": "eyJlMmJmYjczMC1lY2FhLTExZTYtOGY4OC0zNDM2M2JjN2M0YzAiOnsiY3JlYXRlIjoxMjAwMDAwMDAwMDAwLCJkZWxldGUiOjEyMDAwMDAwMDAwMDAsInJlYWQiOjYwMDAwMDAwMDAwMCwidXBkYXRlIjoxMjAwMDAwMDAwMDAwfX0="
        },
        {
          "index_key": 3,
          "schema_version": 0,
          "attributes": {
            "disable_dependent_services": null,
            "disable_on_destroy": false,
            "id": "qwiklabs-gcp-01-54b852701014/serviceusage.googleapis.com",
            "project": "qwiklabs-gcp-01-54b852701014",
            "service": "serviceusage.googleapis.com",
            "timeouts": null
          },
          "sensitive_attributes": [],
          "private": "eyJlMmJmYjczMC1lY2FhLTExZTYtOGY4OC0zNDM2M2JjN2M0YzAiOnsiY3JlYXRlIjoxMjAwMDAwMDAwMDAwLCJkZWxldGUiOjEyMDAwMDAwMDAwMDAsInJlYWQiOjYwMDAwMDAwMDAwMCwidXBkYXRlIjoxMjAwMDAwMDAwMDAwfX0="
        },
        {
          "index_key": 4,
          "schema_version": 0,
          "attributes": {
            "disable_dependent_services": null,
            "disable_on_destroy": false,
            "id": "qwiklabs-gcp-01-54b852701014/bigquery.googleapis.com",
            "project": "qwiklabs-gcp-01-54b852701014",
            "service": "bigquery.googleapis.com",
            "timeouts": null
          },
          "sensitive_attributes": [],
          "private": "eyJlMmJmYjczMC1lY2FhLTExZTYtOGY4OC0zNDM2M2JjN2M0YzAiOnsiY3JlYXRlIjoxMjAwMDAwMDAwMDAwLCJkZWxldGUiOjEyMDAwMDAwMDAwMDAsInJlYWQiOjYwMDAwMDAwMDAwMCwidXBkYXRlIjoxMjAwMDAwMDAwMDAwfX0="
        },
        {
          "index_key": 5,
          "schema_version": 0,
          "attributes": {
            "disable_dependent_services": null,
            "disable_on_destroy": false,
            "id": "qwiklabs-gcp-01-54b852701014/cloudresourcemanager.googleapis.com",
            "project": "qwiklabs-gcp-01-54b852701014",
            "service": "cloudresourcemanager.googleapis.com",
            "timeouts": null
          },
          "sensitive_attributes": [],
          "private": "eyJlMmJmYjczMC1lY2FhLTExZTYtOGY4OC0zNDM2M2JjN2M0YzAiOnsiY3JlYXRlIjoxMjAwMDAwMDAwMDAwLCJkZWxldGUiOjEyMDAwMDAwMDAwMDAsInJlYWQiOjYwMDAwMDAwMDAwMCwidXBkYXRlIjoxMjAwMDAwMDAwMDAwfX0="
        },
        {
          "index_key": 6,
          "schema_version": 0,
          "attributes": {
            "disable_dependent_services": null,
            "disable_on_destroy": false,
            "id": "qwiklabs-gcp-01-54b852701014/cloudtrace.googleapis.com",
            "project": "qwiklabs-gcp-01-54b852701014",
            "service": "cloudtrace.googleapis.com",
            "timeouts": null
          },
          "sensitive_attributes": [],
          "private": "eyJlMmJmYjczMC1lY2FhLTExZTYtOGY4OC0zNDM2M2JjN2M0YzAiOnsiY3JlYXRlIjoxMjAwMDAwMDAwMDAwLCJkZWxldGUiOjEyMDAwMDAwMDAwMDAsInJlYWQiOjYwMDAwMDAwMDAwMCwidXBkYXRlIjoxMjAwMDAwMDAwMDAwfX0="
        },
        {
          "index_key": 7,
          "schema_version": 0,
          "attributes": {
            "disable_dependent_services": null,
            "disable_on_destroy": false,
            "id": "qwiklabs-gcp-01-54b852701014/telemetry.googleapis.com",
            "project": "qwiklabs-gcp-01-54b852701014",
            "service": "telemetry.googleapis.com",
            "timeouts": null
          },
          "sensitive_attributes": [],
          "private": "eyJlMmJmYjczMC1lY2FhLTExZTYtOGY4OC0zNDM2M2JjN2M0YzAiOnsiY3JlYXRlIjoxMjAwMDAwMDAwMDAwLCJkZWxldGUiOjEyMDAwMDAwMDAwMDAsInJlYWQiOjYwMDAwMDAwMDAwMCwidXBkYXRlIjoxMjAwMDAwMDAwMDAwfX0="
        },
        {
          "index_key": 8,
          "schema_version": 0,
          "attributes": {
            "disable_dependent_services": null,
            "disable_on_destroy": false,
            "id": "qwiklabs-gcp-01-54b852701014/run.googleapis.com",
            "project": "qwiklabs-gcp-01-54b852701014",
            "service": "run.googleapis.com",
            "timeouts": null
          },
          "sensitive_attributes": [],
          "private": "eyJlMmJmYjczMC1lY2FhLTExZTYtOGY4OC0zNDM2M2JjN2M0YzAiOnsiY3JlYXRlIjoxMjAwMDAwMDAwMDAwLCJkZWxldGUiOjEyMDAwMDAwMDAwMDAsInJlYWQiOjYwMDAwMDAwMDAwMCwidXBkYXRlIjoxMjAwMDAwMDAwMDAwfX0="
        },
        {
          "index_key": 9,
          "schema_version": 0,
          "attributes": {
            "disable_dependent_services": null,
            "disable_on_destroy": false,
            "id": "qwiklabs-gcp-01-54b852701014/iam.googleapis.com",
            "project": "qwiklabs-gcp-01-54b852701014",
            "service": "iam.googleapis.com",
            "timeouts": null
          },
          "sensitive_attributes": [],
          "private": "eyJlMmJmYjczMC1lY2FhLTExZTYtOGY4OC0zNDM2M2JjN2M0YzAiOnsiY3JlYXRlIjoxMjAwMDAwMDAwMDAwLCJkZWxldGUiOjEyMDAwMDAwMDAwMDAsInJlYWQiOjYwMDAwMDAwMDAwMCwidXBkYXRlIjoxMjAwMDAwMDAwMDAwfX0="
        },
        {
          "index_key": 10,
          "schema_version": 0,
          "attributes": {
            "disable_dependent_services": null,
            "disable_on_destroy": false,
            "id": "qwiklabs-gcp-01-54b852701014/logging.googleapis.com",
            "project": "qwiklabs-gcp-01-54b852701014",
            "service": "logging.googleapis.com",
            "timeouts": null
          },
          "sensitive_attributes": [],
          "private": "eyJlMmJmYjczMC1lY2FhLTExZTYtOGY4OC0zNDM2M2JjN2M0YzAiOnsiY3JlYXRlIjoxMjAwMDAwMDAwMDAwLCJkZWxldGUiOjEyMDAwMDAwMDAwMDAsInJlYWQiOjYwMDAwMDAwMDAwMCwidXBkYXRlIjoxMjAwMDAwMDAwMDAwfX0="
        }
      ]
    },
    {
      "mode": "managed",
      "type": "google_service_account",
      "name": "app_sa",
      "provider": "provider[\"registry.terraform.io/hashicorp/google\"]",
      "instances": [
        {
          "schema_version": 0,
          "attributes": {
            "account_id": "lab-agent-app",
            "create_ignore_already_exists": null,
            "description": "",
            "disabled": false,
            "display_name": "lab-agent Agent Service Account",
            "email": "lab-agent-app@qwiklabs-gcp-01-54b852701014.iam.gserviceaccount.com",
            "id": "projects/qwiklabs-gcp-01-54b852701014/serviceAccounts/lab-agent-app@qwiklabs-gcp-01-54b852701014.iam.gserviceaccount.com",
            "member": "serviceAccount:lab-agent-app@qwiklabs-gcp-01-54b852701014.iam.gserviceaccount.com",
            "name": "projects/qwiklabs-gcp-01-54b852701014/serviceAccounts/lab-agent-app@qwiklabs-gcp-01-54b852701014.iam.gserviceaccount.com",
            "project": "qwiklabs-gcp-01-54b852701014",
            "timeouts": null,
            "unique_id": "101727646431251186359"
          },
          "sensitive_attributes": [],
          "private": "eyJlMmJmYjczMC1lY2FhLTExZTYtOGY4OC0zNDM2M2JjN2M0YzAiOnsiY3JlYXRlIjozMDAwMDAwMDAwMDB9fQ==",
          "dependencies": [
            "google_project_service.services"
          ]
        }
      ]
    },
    {
      "mode": "managed",
      "type": "google_service_account",
      "name": "cicd_runner_sa",
      "provider": "provider[\"registry.terraform.io/hashicorp/google\"]",
      "instances": [
        {
          "schema_version": 0,
          "attributes": {
            "account_id": "lab-agent-cb",
            "create_ignore_already_exists": null,
            "description": "",
            "disabled": false,
            "display_name": "CICD Runner SA",
            "email": "lab-agent-cb@qwiklabs-gcp-01-54b852701014.iam.gserviceaccount.com",
            "id": "projects/qwiklabs-gcp-01-54b852701014/serviceAccounts/lab-agent-cb@qwiklabs-gcp-01-54b852701014.iam.gserviceaccount.com",
            "member": "serviceAccount:lab-agent-cb@qwiklabs-gcp-01-54b852701014.iam.gserviceaccount.com",
            "name": "projects/qwiklabs-gcp-01-54b852701014/serviceAccounts/lab-agent-cb@qwiklabs-gcp-01-54b852701014.iam.gserviceaccount.com",
            "project": "qwiklabs-gcp-01-54b852701014",
            "timeouts": null,
            "unique_id": "112701855067469693254"
          },
          "sensitive_attributes": [],
          "private": "eyJlMmJmYjczMC1lY2FhLTExZTYtOGY4OC0zNDM2M2JjN2M0YzAiOnsiY3JlYXRlIjozMDAwMDAwMDAwMDB9fQ==",
          "dependencies": [
            "google_project_service.services"
          ]
        }
      ]
    },
    {
      "mode": "managed",
      "type": "google_service_account_iam_member",
      "name": "cicd_account_user",
      "provider": "provider[\"registry.terraform.io/hashicorp/google\"]",
      "instances": [
        {
          "schema_version": 0,
          "attributes": {
            "condition": [],
            "etag": "BwZKhGA+m5A=",
            "id": "projects/qwiklabs-gcp-01-54b852701014/serviceAccounts/lab-agent-cb@qwiklabs-gcp-01-54b852701014.iam.gserviceaccount.com/roles/iam.serviceAccountUser/serviceAccount:lab-agent-cb@qwiklabs-gcp-01-54b852701014.iam.gserviceaccount.com",
            "member": "serviceAccount:lab-agent-cb@qwiklabs-gcp-01-54b852701014.iam.gserviceaccount.com",
            "role": "roles/iam.serviceAccountUser",
            "service_account_id": "projects/qwiklabs-gcp-01-54b852701014/serviceAccounts/lab-agent-cb@qwiklabs-gcp-01-54b852701014.iam.gserviceaccount.com"
          },
          "sensitive_attributes": [],
          "private": "bnVsbA==",
          "dependencies": [
            "google_project_service.services",
            "google_service_account.cicd_runner_sa"
          ]
        }
      ]
    },
    {
      "mode": "managed",
      "type": "google_service_account_iam_member",
      "name": "cicd_token_creator",
      "provider": "provider[\"registry.terraform.io/hashicorp/google\"]",
      "instances": [
        {
          "schema_version": 0,
          "attributes": {
            "condition": [],
            "etag": "BwZKhGA+m5A=",
            "id": "projects/qwiklabs-gcp-01-54b852701014/serviceAccounts/lab-agent-cb@qwiklabs-gcp-01-54b852701014.iam.gserviceaccount.com/roles/iam.serviceAccountTokenCreator/serviceAccount:lab-agent-cb@qwiklabs-gcp-01-54b852701014.iam.gserviceaccount.com",
            "member": "serviceAccount:lab-agent-cb@qwiklabs-gcp-01-54b852701014.iam.gserviceaccount.com",
            "role": "roles/iam.serviceAccountTokenCreator",
            "service_account_id": "projects/qwiklabs-gcp-01-54b852701014/serviceAccounts/lab-agent-cb@qwiklabs-gcp-01-54b852701014.iam.gserviceaccount.com"
          },
          "sensitive_attributes": [],
          "private": "bnVsbA==",
          "dependencies": [
            "google_project_service.services",
            "google_service_account.cicd_runner_sa"
          ]
        }
      ]
    },
    {
      "mode": "managed",
      "type": "google_storage_bucket",
      "name": "logs_data_bucket",
      "provider": "provider[\"registry.terraform.io/hashicorp/google\"]",
      "instances": [
        {
          "schema_version": 4,
          "attributes": {
            "autoclass": [],
            "cors": [],
            "custom_placement_config": [],
            "default_event_based_hold": false,
            "effective_labels": {
              "goog-terraform-provisioned": "true"
            },
            "enable_object_retention": false,
            "encryption": [],
            "force_destroy": true,
            "hierarchical_namespace": [
              {
                "enabled": false
              }
            ],
            "id": "qwiklabs-gcp-01-54b852701014-lab-agent-logs",
            "ip_filter": [],
            "labels": {},
            "lifecycle_rule": [],
            "location": "US-CENTRAL1",
            "logging": [],
            "name": "qwiklabs-gcp-01-54b852701014-lab-agent-logs",
            "project": "qwiklabs-gcp-01-54b852701014",
            "project_number": 793775940077,
            "public_access_prevention": "inherited",
            "requester_pays": false,
            "retention_policy": [],
            "rpo": null,
            "self_link": "https://www.googleapis.com/storage/v1/b/qwiklabs-gcp-01-54b852701014-lab-agent-logs",
            "soft_delete_policy": [
              {
                "effective_time": "2026-02-11T03:57:36.865Z",
                "retention_duration_seconds": 604800
              }
            ],
            "storage_class": "STANDARD",
            "terraform_labels": {
              "goog-terraform-provisioned": "true"
            },
            "time_created": "2026-02-11T03:57:36.865Z",
            "timeouts": null,
            "uniform_bucket_level_access": true,
            "updated": "2026-02-11T03:58:00.550Z",
            "url": "gs://qwiklabs-gcp-01-54b852701014-lab-agent-logs",
            "versioning": [],
            "website": []
          },
          "sensitive_attributes": [],
          "private": "eyJlMmJmYjczMC1lY2FhLTExZTYtOGY4OC0zNDM2M2JjN2M0YzAiOnsiY3JlYXRlIjo2MDAwMDAwMDAwMDAsInJlYWQiOjI0MDAwMDAwMDAwMCwidXBkYXRlIjoyNDAwMDAwMDAwMDB9LCJzY2hlbWFfdmVyc2lvbiI6IjQifQ==",
          "dependencies": [
            "google_project_service.services"
          ]
        }
      ]
    },
    {
      "mode": "managed",
      "type": "google_storage_bucket_iam_member",
      "name": "telemetry_connection_access",
      "provider": "provider[\"registry.terraform.io/hashicorp/google\"]",
      "instances": [
        {
          "schema_version": 0,
          "attributes": {
            "bucket": "b/qwiklabs-gcp-01-54b852701014-lab-agent-logs",
            "condition": [],
            "etag": "CAI=",
            "id": "b/qwiklabs-gcp-01-54b852701014-lab-agent-logs/roles/storage.objectViewer/serviceAccount:bqcx-793775940077-6fn9@gcp-sa-bigquery-condel.iam.gserviceaccount.com",
            "member": "serviceAccount:bqcx-793775940077-6fn9@gcp-sa-bigquery-condel.iam.gserviceaccount.com",
            "role": "roles/storage.objectViewer",
            "timeouts": null
          },
          "sensitive_attributes": [],
          "private": "eyJlMmJmYjczMC1lY2FhLTExZTYtOGY4OC0zNDM2M2JjN2M0YzAiOnsiY3JlYXRlIjoxMjAwMDAwMDAwMDAwfX0=",
          "dependencies": [
            "google_bigquery_connection.genai_telemetry_connection",
            "google_project_service.services",
            "google_storage_bucket.logs_data_bucket",
            "time_sleep.wait_for_bq_connection_sa"
          ]
        }
      ]
    },
    {
      "mode": "managed",
      "type": "time_sleep",
      "name": "wait_for_bq_connection_sa",
      "provider": "provider[\"registry.terraform.io/hashicorp/time\"]",
      "instances": [
        {
          "schema_version": 0,
          "attributes": {
            "create_duration": "10s",
            "destroy_duration": null,
            "id": "2026-02-11T03:57:47Z",
            "triggers": null
          },
          "sensitive_attributes": [],
          "dependencies": [
            "google_bigquery_connection.genai_telemetry_connection",
            "google_project_service.services"
          ]
        }
      ]
    },
    {
      "mode": "managed",
      "type": "time_sleep",
      "name": "wait_for_linked_dataset",
      "provider": "provider[\"registry.terraform.io/hashicorp/time\"]",
      "instances": [
        {
          "schema_version": 0,
          "attributes": {
            "create_duration": "10s",
            "destroy_duration": null,
            "id": "2026-02-11T04:01:09Z",
            "triggers": null
          },
          "sensitive_attributes": [],
          "dependencies": [
            "google_logging_linked_dataset.genai_logs_linked_dataset",
            "google_logging_project_bucket_config.genai_telemetry_bucket",
            "google_logging_project_sink.genai_logs_to_bucket",
            "google_project_service.services"
          ]
        }
      ]
    }
  ],
  "check_results": null
}
